// !$*UTF8*$!
{
	archiveVersion = 1;
	classes = {
	};
	objectVersion = 55;
	objects = {

/* Begin PBXBuildFile section */
		1B5E1758277243E3003A3658 /* testMacosApp.swift in Sources */ = {isa = PBXBuildFile; fileRef = 1B5E1757277243E3003A3658 /* testMacosApp.swift */; };
		1B5E175A277243E3003A3658 /* DefaultOverlay.swift in Sources */ = {isa = PBXBuildFile; fileRef = 1B5E1759277243E3003A3658 /* DefaultOverlay.swift */; };
		1B5E175C277243E5003A3658 /* Assets.xcassets in Resources */ = {isa = PBXBuildFile; fileRef = 1B5E175B277243E5003A3658 /* Assets.xcassets */; };
		1B5E175F277243E6003A3658 /* Preview Assets.xcassets in Resources */ = {isa = PBXBuildFile; fileRef = 1B5E175E277243E6003A3658 /* Preview Assets.xcassets */; };
		1B601172288DC3D9006030FB /* UserDefaults.swift in Sources */ = {isa = PBXBuildFile; fileRef = 1B601171288DC3D9006030FB /* UserDefaults.swift */; };
		1B601176288ED04A006030FB /* Color.swift in Sources */ = {isa = PBXBuildFile; fileRef = 1B601175288ED04A006030FB /* Color.swift */; };
		1B601178288ED28D006030FB /* NSColor.swift in Sources */ = {isa = PBXBuildFile; fileRef = 1B601177288ED28D006030FB /* NSColor.swift */; };
		1B60117A288ED2E1006030FB /* Notification.swift in Sources */ = {isa = PBXBuildFile; fileRef = 1B601179288ED2E1006030FB /* Notification.swift */; };
		1B60117C288ED4A8006030FB /* MenuBar.swift in Sources */ = {isa = PBXBuildFile; fileRef = 1B60117B288ED4A8006030FB /* MenuBar.swift */; };
		1B60117E288F1368006030FB /* StoreKit.framework in Frameworks */ = {isa = PBXBuildFile; fileRef = 1B60117D288F1368006030FB /* StoreKit.framework */; };
		1B601182288F161D006030FB /* MoreView.swift in Sources */ = {isa = PBXBuildFile; fileRef = 1B601181288F161D006030FB /* MoreView.swift */; };
		1B601186288F3978006030FB /* StoreManager.swift in Sources */ = {isa = PBXBuildFile; fileRef = 1B601185288F3978006030FB /* StoreManager.swift */; };
		1B761885288637640004FA38 /* InDepthView.swift in Sources */ = {isa = PBXBuildFile; fileRef = 1B761884288637600004FA38 /* InDepthView.swift */; };
		1B8C4BB62835A5E600F3B603 /* OverlayModel.swift in Sources */ = {isa = PBXBuildFile; fileRef = 1B8C4BB52835A5E600F3B603 /* OverlayModel.swift */; };
		1B9D4407278CF3D50037136A /* PreferencesView.swift in Sources */ = {isa = PBXBuildFile; fileRef = 1B9D4406278CF3D50037136A /* PreferencesView.swift */; };
		1B9D4409278CF9F20037136A /* PreferencesModel.swift in Sources */ = {isa = PBXBuildFile; fileRef = 1B9D4408278CF9F20037136A /* PreferencesModel.swift */; };
		1B9FC026288449F4007D3BDE /* AppDelegate.swift in Sources */ = {isa = PBXBuildFile; fileRef = 1B9FC025288449F4007D3BDE /* AppDelegate.swift */; };
		1B9FC028288449F4007D3BDE /* ViewController.swift in Sources */ = {isa = PBXBuildFile; fileRef = 1B9FC027288449F4007D3BDE /* ViewController.swift */; };
		1B9FC02A288449F7007D3BDE /* Assets.xcassets in Resources */ = {isa = PBXBuildFile; fileRef = 1B9FC029288449F7007D3BDE /* Assets.xcassets */; };
		1B9FC02D288449F7007D3BDE /* Main.storyboard in Resources */ = {isa = PBXBuildFile; fileRef = 1B9FC02B288449F7007D3BDE /* Main.storyboard */; };
		1B9FC03228844A89007D3BDE /* LauncherApp.app in Copy Files (1 item) */ = {isa = PBXBuildFile; fileRef = 1B9FC023288449F4007D3BDE /* LauncherApp.app */; settings = {ATTRIBUTES = (RemoveHeadersOnCopy, ); }; };
		1BBE5FEA2881C39000C83E0A /* overlayDefault.mov in Resources */ = {isa = PBXBuildFile; fileRef = 1BBE5FE92881C39000C83E0A /* overlayDefault.mov */; };
		1BBE5FEE2881C80200C83E0A /* NSVideoPlayer.swift in Sources */ = {isa = PBXBuildFile; fileRef = 1BBE5FED2881C80200C83E0A /* NSVideoPlayer.swift */; };
		1BBE5FFC2881EB0300C83E0A /* SDWebImageSwiftUI in Frameworks */ = {isa = PBXBuildFile; productRef = 1BBE5FFB2881EB0300C83E0A /* SDWebImageSwiftUI */; };
		1BBE60082881FB5900C83E0A /* hourglassf.gif in Resources */ = {isa = PBXBuildFile; fileRef = 1BBE60072881FB5800C83E0A /* hourglassf.gif */; };
		1BC2E5552823320F001811D1 /* GeneralView.swift in Sources */ = {isa = PBXBuildFile; fileRef = 1BC2E5542823320F001811D1 /* GeneralView.swift */; };
		1BC2E55728233274001811D1 /* GeneralView-ViewModel.swift in Sources */ = {isa = PBXBuildFile; fileRef = 1BC2E55628233274001811D1 /* GeneralView-ViewModel.swift */; };
		1BC2E559282332B4001811D1 /* MethodologyView.swift in Sources */ = {isa = PBXBuildFile; fileRef = 1BC2E558282332B4001811D1 /* MethodologyView.swift */; };
		1BC2E5612823336B001811D1 /* AboutView.swift in Sources */ = {isa = PBXBuildFile; fileRef = 1BC2E5602823336B001811D1 /* AboutView.swift */; };
		1BC2E56328233379001811D1 /* AboutView-ViewModel.swift in Sources */ = {isa = PBXBuildFile; fileRef = 1BC2E56228233379001811D1 /* AboutView-ViewModel.swift */; };
		1BDAFA1D287738C6004737C5 /* StretchHomePage-ViewModel.swift in Sources */ = {isa = PBXBuildFile; fileRef = 1BDAFA1C287738C6004737C5 /* StretchHomePage-ViewModel.swift */; };
		1BDAFA1F287738CC004737C5 /* StretchHomePage.swift in Sources */ = {isa = PBXBuildFile; fileRef = 1BDAFA1E287738CC004737C5 /* StretchHomePage.swift */; };
		1BDFC859287C983F00CCD178 /* A.mp4 in Resources */ = {isa = PBXBuildFile; fileRef = 1BDFC855287C982E00CCD178 /* A.mp4 */; };
		1BDFC85A287C983F00CCD178 /* B.mp4 in Resources */ = {isa = PBXBuildFile; fileRef = 1BDFC851287C982E00CCD178 /* B.mp4 */; };
		1BDFC85B287C983F00CCD178 /* C.mp4 in Resources */ = {isa = PBXBuildFile; fileRef = 1BDFC858287C982F00CCD178 /* C.mp4 */; };
		1BDFC85C287C983F00CCD178 /* D.mp4 in Resources */ = {isa = PBXBuildFile; fileRef = 1BDFC857287C982E00CCD178 /* D.mp4 */; };
		1BDFC85D287C983F00CCD178 /* E.mp4 in Resources */ = {isa = PBXBuildFile; fileRef = 1BDFC852287C982E00CCD178 /* E.mp4 */; };
		1BDFC85E287C983F00CCD178 /* F.mp4 in Resources */ = {isa = PBXBuildFile; fileRef = 1BDFC854287C982E00CCD178 /* F.mp4 */; };
		1BDFC85F287C983F00CCD178 /* G.mp4 in Resources */ = {isa = PBXBuildFile; fileRef = 1BDFC856287C982E00CCD178 /* G.mp4 */; };
		1BDFC860287C983F00CCD178 /* H.mp4 in Resources */ = {isa = PBXBuildFile; fileRef = 1BDFC853287C982E00CCD178 /* H.mp4 */; };
		1BDFD315288060CC00E6B1FB /* OnboardingView.swift in Sources */ = {isa = PBXBuildFile; fileRef = 1BDFD314288060CC00E6B1FB /* OnboardingView.swift */; };
		1BDFD3172880624500E6B1FB /* Onboarding-ViewModel.swift in Sources */ = {isa = PBXBuildFile; fileRef = 1BDFD3162880624500E6B1FB /* Onboarding-ViewModel.swift */; };
		1BE88D9B28733DAF00AC382C /* Constants.swift in Sources */ = {isa = PBXBuildFile; fileRef = 1BE88D9A28733DAF00AC382C /* Constants.swift */; };
/* End PBXBuildFile section */

/* Begin PBXCopyFilesBuildPhase section */
		1BBE603528825B9700C83E0A /* Copy Files (1 item) */ = {
			isa = PBXCopyFilesBuildPhase;
			buildActionMask = 2147483647;
			dstPath = Contents/Library/LoginItems;
			dstSubfolderSpec = 1;
			files = (
				1B9FC03228844A89007D3BDE /* LauncherApp.app in Copy Files (1 item) */,
			);
			name = "Copy Files (1 item)";
			runOnlyForDeploymentPostprocessing = 0;
		};
/* End PBXCopyFilesBuildPhase section */

/* Begin PBXFileReference section */
		1B5E1754277243E3003A3658 /* Interlude.app */ = {isa = PBXFileReference; explicitFileType = wrapper.application; includeInIndex = 0; path = Interlude.app; sourceTree = BUILT_PRODUCTS_DIR; };
		1B5E1757277243E3003A3658 /* testMacosApp.swift */ = {isa = PBXFileReference; lastKnownFileType = sourcecode.swift; path = testMacosApp.swift; sourceTree = "<group>"; };
		1B5E1759277243E3003A3658 /* DefaultOverlay.swift */ = {isa = PBXFileReference; lastKnownFileType = sourcecode.swift; path = DefaultOverlay.swift; sourceTree = "<group>"; };
		1B5E175B277243E5003A3658 /* Assets.xcassets */ = {isa = PBXFileReference; lastKnownFileType = folder.assetcatalog; path = Assets.xcassets; sourceTree = "<group>"; };
		1B5E175E277243E6003A3658 /* Preview Assets.xcassets */ = {isa = PBXFileReference; lastKnownFileType = folder.assetcatalog; path = "Preview Assets.xcassets"; sourceTree = "<group>"; };
		1B5E1760277243E6003A3658 /* testMacos.entitlements */ = {isa = PBXFileReference; lastKnownFileType = text.plist.entitlements; path = testMacos.entitlements; sourceTree = "<group>"; };
		1B601171288DC3D9006030FB /* UserDefaults.swift */ = {isa = PBXFileReference; lastKnownFileType = sourcecode.swift; path = UserDefaults.swift; sourceTree = "<group>"; };
		1B601173288E0871006030FB /* Interlude-Info.plist */ = {isa = PBXFileReference; lastKnownFileType = text.plist; path = "Interlude-Info.plist"; sourceTree = "<group>"; };
		1B601174288E08B2006030FB /* Info.plist */ = {isa = PBXFileReference; lastKnownFileType = text.plist; path = Info.plist; sourceTree = "<group>"; };
		1B601175288ED04A006030FB /* Color.swift */ = {isa = PBXFileReference; lastKnownFileType = sourcecode.swift; path = Color.swift; sourceTree = "<group>"; };
		1B601177288ED28D006030FB /* NSColor.swift */ = {isa = PBXFileReference; lastKnownFileType = sourcecode.swift; path = NSColor.swift; sourceTree = "<group>"; };
		1B601179288ED2E1006030FB /* Notification.swift */ = {isa = PBXFileReference; lastKnownFileType = sourcecode.swift; path = Notification.swift; sourceTree = "<group>"; };
		1B60117B288ED4A8006030FB /* MenuBar.swift */ = {isa = PBXFileReference; lastKnownFileType = sourcecode.swift; path = MenuBar.swift; sourceTree = "<group>"; };
		1B60117D288F1368006030FB /* StoreKit.framework */ = {isa = PBXFileReference; lastKnownFileType = wrapper.framework; name = StoreKit.framework; path = System/Library/Frameworks/StoreKit.framework; sourceTree = SDKROOT; };
		1B601181288F161D006030FB /* MoreView.swift */ = {isa = PBXFileReference; lastKnownFileType = sourcecode.swift; path = MoreView.swift; sourceTree = "<group>"; };
		1B601183288F1C68006030FB /* Configuration.storekit */ = {isa = PBXFileReference; lastKnownFileType = text; path = Configuration.storekit; sourceTree = "<group>"; };
		1B601184288F235A006030FB /* Configuration.storekit */ = {isa = PBXFileReference; lastKnownFileType = text; name = Configuration.storekit; path = testMacos/Preferences/Configuration.storekit; sourceTree = "<group>"; };
		1B601185288F3978006030FB /* StoreManager.swift */ = {isa = PBXFileReference; lastKnownFileType = sourcecode.swift; path = StoreManager.swift; sourceTree = "<group>"; };
		1B761884288637600004FA38 /* InDepthView.swift */ = {isa = PBXFileReference; lastKnownFileType = sourcecode.swift; path = InDepthView.swift; sourceTree = "<group>"; };
		1B8C4BB52835A5E600F3B603 /* OverlayModel.swift */ = {isa = PBXFileReference; lastKnownFileType = sourcecode.swift; path = OverlayModel.swift; sourceTree = "<group>"; };
		1B9D4406278CF3D50037136A /* PreferencesView.swift */ = {isa = PBXFileReference; lastKnownFileType = sourcecode.swift; path = PreferencesView.swift; sourceTree = "<group>"; };
		1B9D4408278CF9F20037136A /* PreferencesModel.swift */ = {isa = PBXFileReference; lastKnownFileType = sourcecode.swift; path = PreferencesModel.swift; sourceTree = "<group>"; };
		1B9FC023288449F4007D3BDE /* LauncherApp.app */ = {isa = PBXFileReference; explicitFileType = wrapper.application; includeInIndex = 0; path = LauncherApp.app; sourceTree = BUILT_PRODUCTS_DIR; };
		1B9FC025288449F4007D3BDE /* AppDelegate.swift */ = {isa = PBXFileReference; lastKnownFileType = sourcecode.swift; path = AppDelegate.swift; sourceTree = "<group>"; };
		1B9FC027288449F4007D3BDE /* ViewController.swift */ = {isa = PBXFileReference; lastKnownFileType = sourcecode.swift; path = ViewController.swift; sourceTree = "<group>"; };
		1B9FC029288449F7007D3BDE /* Assets.xcassets */ = {isa = PBXFileReference; lastKnownFileType = folder.assetcatalog; path = Assets.xcassets; sourceTree = "<group>"; };
		1B9FC02C288449F7007D3BDE /* Base */ = {isa = PBXFileReference; lastKnownFileType = file.storyboard; name = Base; path = Base.lproj/Main.storyboard; sourceTree = "<group>"; };
		1B9FC02E288449F7007D3BDE /* LauncherApp.entitlements */ = {isa = PBXFileReference; lastKnownFileType = text.plist.entitlements; path = LauncherApp.entitlements; sourceTree = "<group>"; };
		1BBE5FE92881C39000C83E0A /* overlayDefault.mov */ = {isa = PBXFileReference; lastKnownFileType = video.quicktime; path = overlayDefault.mov; sourceTree = "<group>"; };
		1BBE5FED2881C80200C83E0A /* NSVideoPlayer.swift */ = {isa = PBXFileReference; lastKnownFileType = sourcecode.swift; path = NSVideoPlayer.swift; sourceTree = "<group>"; };
		1BBE60072881FB5800C83E0A /* hourglassf.gif */ = {isa = PBXFileReference; lastKnownFileType = image.gif; path = hourglassf.gif; sourceTree = "<group>"; };
		1BBE603728825BFA00C83E0A /* ServiceManagement.framework */ = {isa = PBXFileReference; lastKnownFileType = wrapper.framework; name = ServiceManagement.framework; path = System/Library/Frameworks/ServiceManagement.framework; sourceTree = SDKROOT; };
		1BC2E5542823320F001811D1 /* GeneralView.swift */ = {isa = PBXFileReference; lastKnownFileType = sourcecode.swift; path = GeneralView.swift; sourceTree = "<group>"; };
		1BC2E55628233274001811D1 /* GeneralView-ViewModel.swift */ = {isa = PBXFileReference; lastKnownFileType = sourcecode.swift; path = "GeneralView-ViewModel.swift"; sourceTree = "<group>"; };
		1BC2E558282332B4001811D1 /* MethodologyView.swift */ = {isa = PBXFileReference; lastKnownFileType = sourcecode.swift; path = MethodologyView.swift; sourceTree = "<group>"; };
		1BC2E5602823336B001811D1 /* AboutView.swift */ = {isa = PBXFileReference; lastKnownFileType = sourcecode.swift; path = AboutView.swift; sourceTree = "<group>"; };
		1BC2E56228233379001811D1 /* AboutView-ViewModel.swift */ = {isa = PBXFileReference; lastKnownFileType = sourcecode.swift; path = "AboutView-ViewModel.swift"; sourceTree = "<group>"; };
		1BDAFA1C287738C6004737C5 /* StretchHomePage-ViewModel.swift */ = {isa = PBXFileReference; fileEncoding = 4; lastKnownFileType = sourcecode.swift; path = "StretchHomePage-ViewModel.swift"; sourceTree = "<group>"; };
		1BDAFA1E287738CC004737C5 /* StretchHomePage.swift */ = {isa = PBXFileReference; fileEncoding = 4; lastKnownFileType = sourcecode.swift; path = StretchHomePage.swift; sourceTree = "<group>"; };
		1BDFC851287C982E00CCD178 /* B.mp4 */ = {isa = PBXFileReference; lastKnownFileType = file; path = B.mp4; sourceTree = "<group>"; };
		1BDFC852287C982E00CCD178 /* E.mp4 */ = {isa = PBXFileReference; lastKnownFileType = file; path = E.mp4; sourceTree = "<group>"; };
		1BDFC853287C982E00CCD178 /* H.mp4 */ = {isa = PBXFileReference; lastKnownFileType = file; path = H.mp4; sourceTree = "<group>"; };
		1BDFC854287C982E00CCD178 /* F.mp4 */ = {isa = PBXFileReference; lastKnownFileType = file; path = F.mp4; sourceTree = "<group>"; };
		1BDFC855287C982E00CCD178 /* A.mp4 */ = {isa = PBXFileReference; lastKnownFileType = file; path = A.mp4; sourceTree = "<group>"; };
		1BDFC856287C982E00CCD178 /* G.mp4 */ = {isa = PBXFileReference; lastKnownFileType = file; path = G.mp4; sourceTree = "<group>"; };
		1BDFC857287C982E00CCD178 /* D.mp4 */ = {isa = PBXFileReference; lastKnownFileType = file; path = D.mp4; sourceTree = "<group>"; };
		1BDFC858287C982F00CCD178 /* C.mp4 */ = {isa = PBXFileReference; lastKnownFileType = file; path = C.mp4; sourceTree = "<group>"; };
		1BDFD314288060CC00E6B1FB /* OnboardingView.swift */ = {isa = PBXFileReference; lastKnownFileType = sourcecode.swift; path = OnboardingView.swift; sourceTree = "<group>"; };
		1BDFD3162880624500E6B1FB /* Onboarding-ViewModel.swift */ = {isa = PBXFileReference; lastKnownFileType = sourcecode.swift; path = "Onboarding-ViewModel.swift"; sourceTree = "<group>"; };
		1BE88D9A28733DAF00AC382C /* Constants.swift */ = {isa = PBXFileReference; lastKnownFileType = sourcecode.swift; path = Constants.swift; sourceTree = "<group>"; };
/* End PBXFileReference section */

/* Begin PBXFrameworksBuildPhase section */
		1B5E1751277243E3003A3658 /* Frameworks */ = {
			isa = PBXFrameworksBuildPhase;
			buildActionMask = 2147483647;
			files = (
				1BBE5FFC2881EB0300C83E0A /* SDWebImageSwiftUI in Frameworks */,
				1B60117E288F1368006030FB /* StoreKit.framework in Frameworks */,
			);
			runOnlyForDeploymentPostprocessing = 0;
		};
		1B9FC020288449F4007D3BDE /* Frameworks */ = {
			isa = PBXFrameworksBuildPhase;
			buildActionMask = 2147483647;
			files = (
			);
			runOnlyForDeploymentPostprocessing = 0;
		};
/* End PBXFrameworksBuildPhase section */

/* Begin PBXGroup section */
		1B3BABB7283976D1006DF855 /* StretchGroup */ = {
			isa = PBXGroup;
			children = (
				1BDAFA1C287738C6004737C5 /* StretchHomePage-ViewModel.swift */,
				1BDAFA1E287738CC004737C5 /* StretchHomePage.swift */,
				1B761884288637600004FA38 /* InDepthView.swift */,
				1BDAFA2028773E50004737C5 /* Visuals */,
			);
			path = StretchGroup;
			sourceTree = "<group>";
		};
		1B5E174B277243E3003A3658 = {
			isa = PBXGroup;
			children = (
				1B601184288F235A006030FB /* Configuration.storekit */,
				1B601173288E0871006030FB /* Interlude-Info.plist */,
				1BBE5FE92881C39000C83E0A /* overlayDefault.mov */,
				1BBE60072881FB5800C83E0A /* hourglassf.gif */,
				1B5E1756277243E3003A3658 /* testMacos */,
				1B9FC024288449F4007D3BDE /* LauncherApp */,
				1B5E1755277243E3003A3658 /* Products */,
				1BBE5FFA2881EB0300C83E0A /* Frameworks */,
				1B9FC01D2883BF54007D3BDE /* Recovered References */,
			);
			sourceTree = "<group>";
		};
		1B5E1755277243E3003A3658 /* Products */ = {
			isa = PBXGroup;
			children = (
				1B5E1754277243E3003A3658 /* Interlude.app */,
				1B9FC023288449F4007D3BDE /* LauncherApp.app */,
			);
			name = Products;
			sourceTree = "<group>";
		};
		1B5E1756277243E3003A3658 /* testMacos */ = {
			isa = PBXGroup;
			children = (
				1B5E1757277243E3003A3658 /* testMacosApp.swift */,
				1B60117B288ED4A8006030FB /* MenuBar.swift */,
				1BE88D9A28733DAF00AC382C /* Constants.swift */,
				1B601170288DB9DB006030FB /* Extensions */,
				1B3BABB7283976D1006DF855 /* StretchGroup */,
				1BDFD3182880624D00E6B1FB /* Onboarding */,
				1B8C4BB42835A4CF00F3B603 /* Overlays */,
				1BC2E553282331E2001811D1 /* Preferences */,
				1B5E175B277243E5003A3658 /* Assets.xcassets */,
				1B5E1760277243E6003A3658 /* testMacos.entitlements */,
				1B5E175D277243E6003A3658 /* Preview Content */,
			);
			path = testMacos;
			sourceTree = "<group>";
		};
		1B5E175D277243E6003A3658 /* Preview Content */ = {
			isa = PBXGroup;
			children = (
				1B5E175E277243E6003A3658 /* Preview Assets.xcassets */,
			);
			path = "Preview Content";
			sourceTree = "<group>";
		};
		1B601170288DB9DB006030FB /* Extensions */ = {
			isa = PBXGroup;
			children = (
				1B601171288DC3D9006030FB /* UserDefaults.swift */,
				1B601175288ED04A006030FB /* Color.swift */,
				1BBE5FED2881C80200C83E0A /* NSVideoPlayer.swift */,
				1B601177288ED28D006030FB /* NSColor.swift */,
				1B601179288ED2E1006030FB /* Notification.swift */,
			);
			path = Extensions;
			sourceTree = "<group>";
		};
		1B8C4BB42835A4CF00F3B603 /* Overlays */ = {
			isa = PBXGroup;
			children = (
				1B8C4BB52835A5E600F3B603 /* OverlayModel.swift */,
				1B5E1759277243E3003A3658 /* DefaultOverlay.swift */,
			);
			path = Overlays;
			sourceTree = "<group>";
		};
		1B9FC01D2883BF54007D3BDE /* Recovered References */ = {
			isa = PBXGroup;
			children = (
			);
			name = "Recovered References";
			sourceTree = "<group>";
		};
		1B9FC024288449F4007D3BDE /* LauncherApp */ = {
			isa = PBXGroup;
			children = (
				1B601174288E08B2006030FB /* Info.plist */,
				1B9FC025288449F4007D3BDE /* AppDelegate.swift */,
				1B9FC027288449F4007D3BDE /* ViewController.swift */,
				1B9FC029288449F7007D3BDE /* Assets.xcassets */,
				1B9FC02B288449F7007D3BDE /* Main.storyboard */,
				1B9FC02E288449F7007D3BDE /* LauncherApp.entitlements */,
			);
			path = LauncherApp;
			sourceTree = "<group>";
		};
		1BBE5FFA2881EB0300C83E0A /* Frameworks */ = {
			isa = PBXGroup;
			children = (
				1B60117D288F1368006030FB /* StoreKit.framework */,
				1BBE603728825BFA00C83E0A /* ServiceManagement.framework */,
			);
			name = Frameworks;
			sourceTree = "<group>";
		};
		1BC2E553282331E2001811D1 /* Preferences */ = {
			isa = PBXGroup;
			children = (
				1B9D4406278CF3D50037136A /* PreferencesView.swift */,
				1B9D4408278CF9F20037136A /* PreferencesModel.swift */,
				1BC2E5602823336B001811D1 /* AboutView.swift */,
				1BC2E56228233379001811D1 /* AboutView-ViewModel.swift */,
				1BC2E5542823320F001811D1 /* GeneralView.swift */,
				1BC2E55628233274001811D1 /* GeneralView-ViewModel.swift */,
				1BC2E558282332B4001811D1 /* MethodologyView.swift */,
				1B601181288F161D006030FB /* MoreView.swift */,
				1B601185288F3978006030FB /* StoreManager.swift */,
				1B601183288F1C68006030FB /* Configuration.storekit */,
			);
			path = Preferences;
			sourceTree = "<group>";
		};
		1BDAFA2028773E50004737C5 /* Visuals */ = {
			isa = PBXGroup;
			children = (
				1BDFC855287C982E00CCD178 /* A.mp4 */,
				1BDFC851287C982E00CCD178 /* B.mp4 */,
				1BDFC858287C982F00CCD178 /* C.mp4 */,
				1BDFC857287C982E00CCD178 /* D.mp4 */,
				1BDFC852287C982E00CCD178 /* E.mp4 */,
				1BDFC854287C982E00CCD178 /* F.mp4 */,
				1BDFC856287C982E00CCD178 /* G.mp4 */,
				1BDFC853287C982E00CCD178 /* H.mp4 */,
			);
			path = Visuals;
			sourceTree = "<group>";
		};
		1BDFD3182880624D00E6B1FB /* Onboarding */ = {
			isa = PBXGroup;
			children = (
				1BDFD314288060CC00E6B1FB /* OnboardingView.swift */,
				1BDFD3162880624500E6B1FB /* Onboarding-ViewModel.swift */,
			);
			path = Onboarding;
			sourceTree = "<group>";
		};
/* End PBXGroup section */

/* Begin PBXNativeTarget section */
		1B5E1753277243E3003A3658 /* Interlude */ = {
			isa = PBXNativeTarget;
			buildConfigurationList = 1B5E1779277243E6003A3658 /* Build configuration list for PBXNativeTarget "Interlude" */;
			buildPhases = (
				1B5E1750277243E3003A3658 /* Sources */,
				1B5E1751277243E3003A3658 /* Frameworks */,
				1B5E1752277243E3003A3658 /* Resources */,
				1BBE603528825B9700C83E0A /* Copy Files (1 item) */,
			);
			buildRules = (
			);
			dependencies = (
			);
			name = Interlude;
			packageProductDependencies = (
				1BBE5FFB2881EB0300C83E0A /* SDWebImageSwiftUI */,
			);
			productName = testMacos;
			productReference = 1B5E1754277243E3003A3658 /* Interlude.app */;
			productType = "com.apple.product-type.application";
		};
		1B9FC022288449F4007D3BDE /* LauncherApp */ = {
			isa = PBXNativeTarget;
			buildConfigurationList = 1B9FC031288449F8007D3BDE /* Build configuration list for PBXNativeTarget "LauncherApp" */;
			buildPhases = (
				1B9FC01F288449F4007D3BDE /* Sources */,
				1B9FC020288449F4007D3BDE /* Frameworks */,
				1B9FC021288449F4007D3BDE /* Resources */,
			);
			buildRules = (
			);
			dependencies = (
			);
			name = LauncherApp;
			productName = LauncherApp;
			productReference = 1B9FC023288449F4007D3BDE /* LauncherApp.app */;
			productType = "com.apple.product-type.application";
		};
/* End PBXNativeTarget section */

/* Begin PBXProject section */
		1B5E174C277243E3003A3658 /* Project object */ = {
			isa = PBXProject;
			attributes = {
				BuildIndependentTargetsInParallel = 1;
				LastSwiftUpdateCheck = 1320;
				LastUpgradeCheck = 1320;
				TargetAttributes = {
					1B5E1753277243E3003A3658 = {
						CreatedOnToolsVersion = 13.1;
					};
					1B9FC022288449F4007D3BDE = {
						CreatedOnToolsVersion = 13.2.1;
					};
				};
			};
			buildConfigurationList = 1B5E174F277243E3003A3658 /* Build configuration list for PBXProject "Interlude" */;
			compatibilityVersion = "Xcode 13.0";
			developmentRegion = en;
			hasScannedForEncodings = 0;
			knownRegions = (
				en,
				Base,
			);
			mainGroup = 1B5E174B277243E3003A3658;
			packageReferences = (
				1BBE5FEF2881DF2300C83E0A /* XCRemoteSwiftPackageReference "SDWebImageSwiftUI" */,
			);
			productRefGroup = 1B5E1755277243E3003A3658 /* Products */;
			projectDirPath = "";
			projectRoot = "";
			targets = (
				1B5E1753277243E3003A3658 /* Interlude */,
				1B9FC022288449F4007D3BDE /* LauncherApp */,
			);
		};
/* End PBXProject section */

/* Begin PBXResourcesBuildPhase section */
		1B5E1752277243E3003A3658 /* Resources */ = {
			isa = PBXResourcesBuildPhase;
			buildActionMask = 2147483647;
			files = (
				1BBE60082881FB5900C83E0A /* hourglassf.gif in Resources */,
				1BBE5FEA2881C39000C83E0A /* overlayDefault.mov in Resources */,
				1BDFC859287C983F00CCD178 /* A.mp4 in Resources */,
				1BDFC85A287C983F00CCD178 /* B.mp4 in Resources */,
				1BDFC85B287C983F00CCD178 /* C.mp4 in Resources */,
				1BDFC85C287C983F00CCD178 /* D.mp4 in Resources */,
				1BDFC85D287C983F00CCD178 /* E.mp4 in Resources */,
				1BDFC85E287C983F00CCD178 /* F.mp4 in Resources */,
				1BDFC85F287C983F00CCD178 /* G.mp4 in Resources */,
				1BDFC860287C983F00CCD178 /* H.mp4 in Resources */,
				1B5E175F277243E6003A3658 /* Preview Assets.xcassets in Resources */,
				1B5E175C277243E5003A3658 /* Assets.xcassets in Resources */,
			);
			runOnlyForDeploymentPostprocessing = 0;
		};
		1B9FC021288449F4007D3BDE /* Resources */ = {
			isa = PBXResourcesBuildPhase;
			buildActionMask = 2147483647;
			files = (
				1B9FC02A288449F7007D3BDE /* Assets.xcassets in Resources */,
				1B9FC02D288449F7007D3BDE /* Main.storyboard in Resources */,
			);
			runOnlyForDeploymentPostprocessing = 0;
		};
/* End PBXResourcesBuildPhase section */

/* Begin PBXSourcesBuildPhase section */
		1B5E1750277243E3003A3658 /* Sources */ = {
			isa = PBXSourcesBuildPhase;
			buildActionMask = 2147483647;
			files = (
				1BDAFA1D287738C6004737C5 /* StretchHomePage-ViewModel.swift in Sources */,
				1B8C4BB62835A5E600F3B603 /* OverlayModel.swift in Sources */,
				1B601186288F3978006030FB /* StoreManager.swift in Sources */,
				1BE88D9B28733DAF00AC382C /* Constants.swift in Sources */,
				1BC2E559282332B4001811D1 /* MethodologyView.swift in Sources */,
				1B5E175A277243E3003A3658 /* DefaultOverlay.swift in Sources */,
				1BBE5FEE2881C80200C83E0A /* NSVideoPlayer.swift in Sources */,
				1BDFD315288060CC00E6B1FB /* OnboardingView.swift in Sources */,
				1B601182288F161D006030FB /* MoreView.swift in Sources */,
				1BDAFA1F287738CC004737C5 /* StretchHomePage.swift in Sources */,
				1BC2E55728233274001811D1 /* GeneralView-ViewModel.swift in Sources */,
				1B9D4409278CF9F20037136A /* PreferencesModel.swift in Sources */,
				1B761885288637640004FA38 /* InDepthView.swift in Sources */,
				1B601176288ED04A006030FB /* Color.swift in Sources */,
				1BC2E5612823336B001811D1 /* AboutView.swift in Sources */,
				1BC2E56328233379001811D1 /* AboutView-ViewModel.swift in Sources */,
				1BC2E5552823320F001811D1 /* GeneralView.swift in Sources */,
				1B601172288DC3D9006030FB /* UserDefaults.swift in Sources */,
				1B601178288ED28D006030FB /* NSColor.swift in Sources */,
				1B60117A288ED2E1006030FB /* Notification.swift in Sources */,
				1B5E1758277243E3003A3658 /* testMacosApp.swift in Sources */,
				1BDFD3172880624500E6B1FB /* Onboarding-ViewModel.swift in Sources */,
				1B60117C288ED4A8006030FB /* MenuBar.swift in Sources */,
				1B9D4407278CF3D50037136A /* PreferencesView.swift in Sources */,
			);
			runOnlyForDeploymentPostprocessing = 0;
		};
		1B9FC01F288449F4007D3BDE /* Sources */ = {
			isa = PBXSourcesBuildPhase;
			buildActionMask = 2147483647;
			files = (
				1B9FC028288449F4007D3BDE /* ViewController.swift in Sources */,
				1B9FC026288449F4007D3BDE /* AppDelegate.swift in Sources */,
			);
			runOnlyForDeploymentPostprocessing = 0;
		};
/* End PBXSourcesBuildPhase section */

/* Begin PBXVariantGroup section */
		1B9FC02B288449F7007D3BDE /* Main.storyboard */ = {
			isa = PBXVariantGroup;
			children = (
				1B9FC02C288449F7007D3BDE /* Base */,
			);
			name = Main.storyboard;
			sourceTree = "<group>";
		};
/* End PBXVariantGroup section */

/* Begin XCBuildConfiguration section */
		1B5E1777277243E6003A3658 /* Debug */ = {
			isa = XCBuildConfiguration;
			buildSettings = {
				ALWAYS_SEARCH_USER_PATHS = NO;
				CLANG_ANALYZER_NONNULL = YES;
				CLANG_ANALYZER_NUMBER_OBJECT_CONVERSION = YES_AGGRESSIVE;
				CLANG_CXX_LANGUAGE_STANDARD = "gnu++17";
				CLANG_CXX_LIBRARY = "libc++";
				CLANG_ENABLE_MODULES = YES;
				CLANG_ENABLE_OBJC_ARC = YES;
				CLANG_ENABLE_OBJC_WEAK = YES;
				CLANG_WARN_BLOCK_CAPTURE_AUTORELEASING = YES;
				CLANG_WARN_BOOL_CONVERSION = YES;
				CLANG_WARN_COMMA = YES;
				CLANG_WARN_CONSTANT_CONVERSION = YES;
				CLANG_WARN_DEPRECATED_OBJC_IMPLEMENTATIONS = YES;
				CLANG_WARN_DIRECT_OBJC_ISA_USAGE = YES_ERROR;
				CLANG_WARN_DOCUMENTATION_COMMENTS = YES;
				CLANG_WARN_EMPTY_BODY = YES;
				CLANG_WARN_ENUM_CONVERSION = YES;
				CLANG_WARN_INFINITE_RECURSION = YES;
				CLANG_WARN_INT_CONVERSION = YES;
				CLANG_WARN_NON_LITERAL_NULL_CONVERSION = YES;
				CLANG_WARN_OBJC_IMPLICIT_RETAIN_SELF = YES;
				CLANG_WARN_OBJC_LITERAL_CONVERSION = YES;
				CLANG_WARN_OBJC_ROOT_CLASS = YES_ERROR;
				CLANG_WARN_QUOTED_INCLUDE_IN_FRAMEWORK_HEADER = YES;
				CLANG_WARN_RANGE_LOOP_ANALYSIS = YES;
				CLANG_WARN_STRICT_PROTOTYPES = YES;
				CLANG_WARN_SUSPICIOUS_MOVE = YES;
				CLANG_WARN_UNGUARDED_AVAILABILITY = YES_AGGRESSIVE;
				CLANG_WARN_UNREACHABLE_CODE = YES;
				CLANG_WARN__DUPLICATE_METHOD_MATCH = YES;
				COPY_PHASE_STRIP = NO;
				DEBUG_INFORMATION_FORMAT = dwarf;
				ENABLE_STRICT_OBJC_MSGSEND = YES;
				ENABLE_TESTABILITY = YES;
				GCC_C_LANGUAGE_STANDARD = gnu11;
				GCC_DYNAMIC_NO_PIC = NO;
				GCC_NO_COMMON_BLOCKS = YES;
				GCC_OPTIMIZATION_LEVEL = 0;
				GCC_PREPROCESSOR_DEFINITIONS = (
					"DEBUG=1",
					"$(inherited)",
				);
				GCC_WARN_64_TO_32_BIT_CONVERSION = YES;
				GCC_WARN_ABOUT_RETURN_TYPE = YES_ERROR;
				GCC_WARN_UNDECLARED_SELECTOR = YES;
				GCC_WARN_UNINITIALIZED_AUTOS = YES_AGGRESSIVE;
				GCC_WARN_UNUSED_FUNCTION = YES;
				GCC_WARN_UNUSED_VARIABLE = YES;
				MACOSX_DEPLOYMENT_TARGET = 11.6;
				MTL_ENABLE_DEBUG_INFO = INCLUDE_SOURCE;
				MTL_FAST_MATH = YES;
				ONLY_ACTIVE_ARCH = YES;
				SDKROOT = macosx;
				SWIFT_ACTIVE_COMPILATION_CONDITIONS = DEBUG;
				SWIFT_OPTIMIZATION_LEVEL = "-Onone";
			};
			name = Debug;
		};
		1B5E1778277243E6003A3658 /* Release */ = {
			isa = XCBuildConfiguration;
			buildSettings = {
				ALWAYS_SEARCH_USER_PATHS = NO;
				CLANG_ANALYZER_NONNULL = YES;
				CLANG_ANALYZER_NUMBER_OBJECT_CONVERSION = YES_AGGRESSIVE;
				CLANG_CXX_LANGUAGE_STANDARD = "gnu++17";
				CLANG_CXX_LIBRARY = "libc++";
				CLANG_ENABLE_MODULES = YES;
				CLANG_ENABLE_OBJC_ARC = YES;
				CLANG_ENABLE_OBJC_WEAK = YES;
				CLANG_WARN_BLOCK_CAPTURE_AUTORELEASING = YES;
				CLANG_WARN_BOOL_CONVERSION = YES;
				CLANG_WARN_COMMA = YES;
				CLANG_WARN_CONSTANT_CONVERSION = YES;
				CLANG_WARN_DEPRECATED_OBJC_IMPLEMENTATIONS = YES;
				CLANG_WARN_DIRECT_OBJC_ISA_USAGE = YES_ERROR;
				CLANG_WARN_DOCUMENTATION_COMMENTS = YES;
				CLANG_WARN_EMPTY_BODY = YES;
				CLANG_WARN_ENUM_CONVERSION = YES;
				CLANG_WARN_INFINITE_RECURSION = YES;
				CLANG_WARN_INT_CONVERSION = YES;
				CLANG_WARN_NON_LITERAL_NULL_CONVERSION = YES;
				CLANG_WARN_OBJC_IMPLICIT_RETAIN_SELF = YES;
				CLANG_WARN_OBJC_LITERAL_CONVERSION = YES;
				CLANG_WARN_OBJC_ROOT_CLASS = YES_ERROR;
				CLANG_WARN_QUOTED_INCLUDE_IN_FRAMEWORK_HEADER = YES;
				CLANG_WARN_RANGE_LOOP_ANALYSIS = YES;
				CLANG_WARN_STRICT_PROTOTYPES = YES;
				CLANG_WARN_SUSPICIOUS_MOVE = YES;
				CLANG_WARN_UNGUARDED_AVAILABILITY = YES_AGGRESSIVE;
				CLANG_WARN_UNREACHABLE_CODE = YES;
				CLANG_WARN__DUPLICATE_METHOD_MATCH = YES;
				COPY_PHASE_STRIP = NO;
				DEBUG_INFORMATION_FORMAT = "dwarf-with-dsym";
				ENABLE_NS_ASSERTIONS = NO;
				ENABLE_STRICT_OBJC_MSGSEND = YES;
				GCC_C_LANGUAGE_STANDARD = gnu11;
				GCC_NO_COMMON_BLOCKS = YES;
				GCC_WARN_64_TO_32_BIT_CONVERSION = YES;
				GCC_WARN_ABOUT_RETURN_TYPE = YES_ERROR;
				GCC_WARN_UNDECLARED_SELECTOR = YES;
				GCC_WARN_UNINITIALIZED_AUTOS = YES_AGGRESSIVE;
				GCC_WARN_UNUSED_FUNCTION = YES;
				GCC_WARN_UNUSED_VARIABLE = YES;
				MACOSX_DEPLOYMENT_TARGET = 11.6;
				MTL_ENABLE_DEBUG_INFO = NO;
				MTL_FAST_MATH = YES;
				SDKROOT = macosx;
				SWIFT_COMPILATION_MODE = wholemodule;
				SWIFT_OPTIMIZATION_LEVEL = "-O";
			};
			name = Release;
		};
		1B5E177A277243E6003A3658 /* Debug */ = {
			isa = XCBuildConfiguration;
			buildSettings = {
				ASSETCATALOG_COMPILER_APPICON_NAME = AppIcon;
				ASSETCATALOG_COMPILER_GLOBAL_ACCENT_COLOR_NAME = AccentColor;
				CODE_SIGN_ENTITLEMENTS = TestMacos/TestMacos.entitlements;
				CODE_SIGN_IDENTITY = "Apple Development";
				CODE_SIGN_STYLE = Automatic;
				COMBINE_HIDPI_IMAGES = YES;
				CURRENT_PROJECT_VERSION = 9;
				DEVELOPMENT_ASSET_PATHS = "\"testMacos/Preview Content\"";
				DEVELOPMENT_TEAM = 5LMLW6JWUG;
				ENABLE_HARDENED_RUNTIME = YES;
				ENABLE_PREVIEWS = YES;
				GENERATE_INFOPLIST_FILE = YES;
				INFOPLIST_FILE = "Interlude-Info.plist";
				INFOPLIST_KEY_CFBundleDisplayName = Interlude;
				INFOPLIST_KEY_LSApplicationCategoryType = "public.app-category.utilities";
				INFOPLIST_KEY_NSHumanReadableCopyright = "";
				LD_RUNPATH_SEARCH_PATHS = (
					"$(inherited)",
					"@executable_path/../Frameworks",
				);
				MACOSX_DEPLOYMENT_TARGET = 11.0;
				MARKETING_VERSION = 1.2;
				PRODUCT_BUNDLE_IDENTIFIER = com.twenty.twenty;
				PRODUCT_NAME = "$(TARGET_NAME)";
				PROVISIONING_PROFILE_SPECIFIER = "";
				SWIFT_EMIT_LOC_STRINGS = YES;
				SWIFT_VERSION = 5.0;
			};
			name = Debug;
		};
		1B5E177B277243E6003A3658 /* Release */ = {
			isa = XCBuildConfiguration;
			buildSettings = {
				ASSETCATALOG_COMPILER_APPICON_NAME = AppIcon;
				ASSETCATALOG_COMPILER_GLOBAL_ACCENT_COLOR_NAME = AccentColor;
				CODE_SIGN_ENTITLEMENTS = TestMacos/TestMacos.entitlements;
				CODE_SIGN_IDENTITY = "Apple Development";
				CODE_SIGN_STYLE = Automatic;
				COMBINE_HIDPI_IMAGES = YES;
				CURRENT_PROJECT_VERSION = 9;
				DEVELOPMENT_ASSET_PATHS = "\"testMacos/Preview Content\"";
				DEVELOPMENT_TEAM = 5LMLW6JWUG;
				ENABLE_HARDENED_RUNTIME = YES;
				ENABLE_PREVIEWS = YES;
				GENERATE_INFOPLIST_FILE = YES;
				INFOPLIST_FILE = "Interlude-Info.plist";
				INFOPLIST_KEY_CFBundleDisplayName = Interlude;
				INFOPLIST_KEY_LSApplicationCategoryType = "public.app-category.utilities";
				INFOPLIST_KEY_NSHumanReadableCopyright = "";
				LD_RUNPATH_SEARCH_PATHS = (
					"$(inherited)",
					"@executable_path/../Frameworks",
				);
				MACOSX_DEPLOYMENT_TARGET = 11.0;
				MARKETING_VERSION = 1.2;
				PRODUCT_BUNDLE_IDENTIFIER = com.twenty.twenty;
				PRODUCT_NAME = "$(TARGET_NAME)";
				PROVISIONING_PROFILE_SPECIFIER = "";
				SWIFT_EMIT_LOC_STRINGS = YES;
				SWIFT_VERSION = 5.0;
			};
			name = Release;
		};
		1B9FC02F288449F8007D3BDE /* Debug */ = {
			isa = XCBuildConfiguration;
			buildSettings = {
				ASSETCATALOG_COMPILER_APPICON_NAME = AppIcon;
				ASSETCATALOG_COMPILER_GLOBAL_ACCENT_COLOR_NAME = AccentColor;
				CODE_SIGN_ENTITLEMENTS = LauncherApp/LauncherApp.entitlements;
				CODE_SIGN_IDENTITY = "Apple Development";
				CODE_SIGN_STYLE = Automatic;
				COMBINE_HIDPI_IMAGES = YES;
				CURRENT_PROJECT_VERSION = 1;
				DEVELOPMENT_TEAM = 5LMLW6JWUG;
				ENABLE_HARDENED_RUNTIME = YES;
				GENERATE_INFOPLIST_FILE = YES;
				INFOPLIST_FILE = LauncherApp/Info.plist;
				INFOPLIST_KEY_NSHumanReadableCopyright = "";
				INFOPLIST_KEY_NSMainStoryboardFile = Main;
				INFOPLIST_KEY_NSPrincipalClass = NSApplication;
				LD_RUNPATH_SEARCH_PATHS = (
					"$(inherited)",
					"@executable_path/../Frameworks",
				);
				MACOSX_DEPLOYMENT_TARGET = 12.1;
				MARKETING_VERSION = 1.0;
				PRODUCT_BUNDLE_IDENTIFIER = "com.Rocco-Piscatello.LauncherApp";
				PRODUCT_NAME = "$(TARGET_NAME)";
				SKIP_INSTALL = YES;
				SWIFT_EMIT_LOC_STRINGS = YES;
				SWIFT_VERSION = 5.0;
			};
			name = Debug;
		};
		1B9FC030288449F8007D3BDE /* Release */ = {
			isa = XCBuildConfiguration;
			buildSettings = {
				ASSETCATALOG_COMPILER_APPICON_NAME = AppIcon;
				ASSETCATALOG_COMPILER_GLOBAL_ACCENT_COLOR_NAME = AccentColor;
				CODE_SIGN_ENTITLEMENTS = LauncherApp/LauncherApp.entitlements;
				CODE_SIGN_IDENTITY = "Apple Development";
				CODE_SIGN_STYLE = Automatic;
				COMBINE_HIDPI_IMAGES = YES;
				CURRENT_PROJECT_VERSION = 1;
				DEVELOPMENT_TEAM = 5LMLW6JWUG;
				ENABLE_HARDENED_RUNTIME = YES;
				GENERATE_INFOPLIST_FILE = YES;
				INFOPLIST_FILE = LauncherApp/Info.plist;
				INFOPLIST_KEY_NSHumanReadableCopyright = "";
				INFOPLIST_KEY_NSMainStoryboardFile = Main;
				INFOPLIST_KEY_NSPrincipalClass = NSApplication;
				LD_RUNPATH_SEARCH_PATHS = (
					"$(inherited)",
					"@executable_path/../Frameworks",
				);
				MACOSX_DEPLOYMENT_TARGET = 12.1;
				MARKETING_VERSION = 1.0;
				PRODUCT_BUNDLE_IDENTIFIER = "com.Rocco-Piscatello.LauncherApp";
				PRODUCT_NAME = "$(TARGET_NAME)";
				SKIP_INSTALL = YES;
				SWIFT_EMIT_LOC_STRINGS = YES;
				SWIFT_VERSION = 5.0;
			};
			name = Release;
		};
/* End XCBuildConfiguration section */

/* Begin XCConfigurationList section */
		1B5E174F277243E3003A3658 /* Build configuration list for PBXProject "Interlude" */ = {
			isa = XCConfigurationList;
			buildConfigurations = (
				1B5E1777277243E6003A3658 /* Debug */,
				1B5E1778277243E6003A3658 /* Release */,
			);
			defaultConfigurationIsVisible = 0;
			defaultConfigurationName = Release;
		};
		1B5E1779277243E6003A3658 /* Build configuration list for PBXNativeTarget "Interlude" */ = {
			isa = XCConfigurationList;
			buildConfigurations = (
				1B5E177A277243E6003A3658 /* Debug */,
				1B5E177B277243E6003A3658 /* Release */,
			);
			defaultConfigurationIsVisible = 0;
			defaultConfigurationName = Release;
		};
		1B9FC031288449F8007D3BDE /* Build configuration list for PBXNativeTarget "LauncherApp" */ = {
			isa = XCConfigurationList;
			buildConfigurations = (
				1B9FC02F288449F8007D3BDE /* Debug */,
				1B9FC030288449F8007D3BDE /* Release */,
			);
			defaultConfigurationIsVisible = 0;
			defaultConfigurationName = Release;
		};
/* End XCConfigurationList section */

/* Begin XCRemoteSwiftPackageReference section */
		1BBE5FEF2881DF2300C83E0A /* XCRemoteSwiftPackageReference "SDWebImageSwiftUI" */ = {
			isa = XCRemoteSwiftPackageReference;
			repositoryURL = "https://github.com/SDWebImage/SDWebImageSwiftUI";
			requirement = {
				kind = upToNextMajorVersion;
				minimumVersion = 2.0.0;
			};
		};
/* End XCRemoteSwiftPackageReference section */

/* Begin XCSwiftPackageProductDependency section */
		1BBE5FFB2881EB0300C83E0A /* SDWebImageSwiftUI */ = {
			isa = XCSwiftPackageProductDependency;
			package = 1BBE5FEF2881DF2300C83E0A /* XCRemoteSwiftPackageReference "SDWebImageSwiftUI" */;
			productName = SDWebImageSwiftUI;
		};
/* End XCSwiftPackageProductDependency section */
	};
	rootObject = 1B5E174C277243E3003A3658 /* Project object */;
}
