// !$*UTF8*$!
{
	archiveVersion = 1;
	classes = {
	};
	objectVersion = 77;
	objects = {

/* Begin PBXBuildFile section */
		02DB9E9408F1FB9AF6C99304 /* Notification.swift in Sources */ = {isa = PBXBuildFile; fileRef = E943D660467F86505F2FAFCD /* Notification.swift */; };
		03821F414E90139493358D78 /* AppDelegate.swift in Sources */ = {isa = PBXBuildFile; fileRef = 99D16569C7F75CD1C7F42771 /* AppDelegate.swift */; };
		0BD69BF22EC93024D73BA80A /* hourglassf.gif in Resources */ = {isa = PBXBuildFile; fileRef = F60C12A9A3DA8CE4899E64A5 /* hourglassf.gif */; };
		10D552299B1CBB0D9E28AA84 /* ViewController.swift in Sources */ = {isa = PBXBuildFile; fileRef = 648952A634954BEEE0168BC1 /* ViewController.swift */; };
		11450D8C0794F282962B961D /* ScheduleManager.swift in Sources */ = {isa = PBXBuildFile; fileRef = 1F1485F54D5ACE1255A0D410 /* ScheduleManager.swift */; };
		124F6302831427045EC08737 /* StoreKit.framework in Frameworks */ = {isa = PBXBuildFile; fileRef = 8D2BC4017E468A434F8009AB /* StoreKit.framework */; };
		1E7F7497B525B8B0750C25C2 /* InDepthView.swift in Sources */ = {isa = PBXBuildFile; fileRef = 2335496FBD2409F63E9A235A /* InDepthView.swift */; };
		23AB7CF81426FC98559FFE91 /* UserDefaults.swift in Sources */ = {isa = PBXBuildFile; fileRef = 3942E0A19435C25B7D355D6C /* UserDefaults.swift */; };
		2572E90AD7F0FEB4E018A02B /* OnboardingView.swift in Sources */ = {isa = PBXBuildFile; fileRef = EF5E3679B4E7E564F2033E68 /* OnboardingView.swift */; };
		26845623529FCBB585EB4069 /* Color.swift in Sources */ = {isa = PBXBuildFile; fileRef = 9002868086A2278F698AA7E9 /* Color.swift */; };
		27B8A3680915BDF8FCEEED46 /* StatsComputationTests.swift in Sources */ = {isa = PBXBuildFile; fileRef = A35A21DF33FE7BBF90FC4405 /* StatsComputationTests.swift */; };
		2AE949C198392D7D128BAF54 /* GeneralView.swift in Sources */ = {isa = PBXBuildFile; fileRef = EA285A91FC377388D38B7776 /* GeneralView.swift */; };
		30FF200A7ABB0BC735BB7643 /* StatsExportFormatterTests.swift in Sources */ = {isa = PBXBuildFile; fileRef = 21C31B02615F73371580F602 /* StatsExportFormatterTests.swift */; };
		40B6F77B2D3FC95345436432 /* C.mp4 in Resources */ = {isa = PBXBuildFile; fileRef = F4792836AB63996DBB65383F /* C.mp4 */; };
		418C50FE10BA47A885822E12 /* NSColor.swift in Sources */ = {isa = PBXBuildFile; fileRef = 9868AFB38B03E58367068447 /* NSColor.swift */; };
		5207D153D56B1E08EA916EFB /* GeneralView-ViewModel.swift in Sources */ = {isa = PBXBuildFile; fileRef = 2D05AD6B777A6B12360ABD6C /* GeneralView-ViewModel.swift */; };
		5333A86996F826D256CE57E0 /* E.mp4 in Resources */ = {isa = PBXBuildFile; fileRef = 465889EDC0AC346FD249BB1D /* E.mp4 */; };
		54CAFC3351F4AAEF16B106F1 /* A.mp4 in Resources */ = {isa = PBXBuildFile; fileRef = 8FF967D438E5B8B8B6BC334E /* A.mp4 */; };
		5BF79EF5560FCA882459BEE6 /* D.mp4 in Resources */ = {isa = PBXBuildFile; fileRef = D7CF52C6B8956C2BC7CB677C /* D.mp4 */; };
		6252C7CB3D1AAC1A2846495A /* Constants.swift in Sources */ = {isa = PBXBuildFile; fileRef = A933902DE31EFD06A860E2F9 /* Constants.swift */; };
		685661731E61ACED574CB92F /* StatsView.swift in Sources */ = {isa = PBXBuildFile; fileRef = 6C7143E6A3794A0D27EB66F1 /* StatsView.swift */; };
		7049D4F6C6AF567E79D42BC3 /* testMacosApp.swift in Sources */ = {isa = PBXBuildFile; fileRef = 0AC158593A3A999907A0080F /* testMacosApp.swift */; };
		7648E7B630679CE115BB3BC7 /* MoreView.swift in Sources */ = {isa = PBXBuildFile; fileRef = 8663E0039F7BF7A96CDFC985 /* MoreView.swift */; };
		79D01A7D3D8A0EEDDB8533C3 /* F.mp4 in Resources */ = {isa = PBXBuildFile; fileRef = 72607CB7A1F6C2A86B5E44C2 /* F.mp4 */; };
		7EC113356AC04B7E49EE1ACD /* Configuration.storekit in Resources */ = {isa = PBXBuildFile; fileRef = 49EBC05F88E92CBE4701DA10 /* Configuration.storekit */; };
		8962E5DDD3559281A148CF57 /* StoreManager.swift in Sources */ = {isa = PBXBuildFile; fileRef = 578236216246F3E4DB87AF84 /* StoreManager.swift */; };
		8AC07B62DB6E24EE09F66B3C /* overlayDefault.mov in Resources */ = {isa = PBXBuildFile; fileRef = BC23767B147188EBCAAB917D /* overlayDefault.mov */; };
		93D590B6537B4D7E93B48D12 /* StretchHomePage.swift in Sources */ = {isa = PBXBuildFile; fileRef = C4F3B6EF31125CB17644A9F2 /* StretchHomePage.swift */; };
		9863670E3787315F5CDFD1F4 /* StoreKit.framework in Frameworks */ = {isa = PBXBuildFile; fileRef = 8D2BC4017E468A434F8009AB /* StoreKit.framework */; };
		A04D2D876812EC4D9791DC44 /* H.mp4 in Resources */ = {isa = PBXBuildFile; fileRef = 7A46B81228C24D8DD1E270D6 /* H.mp4 */; };
		A55A6E0B4B83D225283A4633 /* Assets.xcassets in Resources */ = {isa = PBXBuildFile; fileRef = 6580543A674AB978B4B1EF53 /* Assets.xcassets */; };
		B5109D7635BD7D83E868D123 /* Assets.xcassets in Resources */ = {isa = PBXBuildFile; fileRef = C248B76DFC2B67AD25451842 /* Assets.xcassets */; };
		C501DB9D6AC57ABF23DB9B7C /* AboutView.swift in Sources */ = {isa = PBXBuildFile; fileRef = 041352F0AF05FCEAE90D170A /* AboutView.swift */; };
		C61599DE71CDA5EE5E6ED5C6 /* StretchHomePage-ViewModel.swift in Sources */ = {isa = PBXBuildFile; fileRef = 1089E0A3D17B038F73046BE0 /* StretchHomePage-ViewModel.swift */; };
		CBC6807C1F7D242D390FBB0A /* G.mp4 in Resources */ = {isa = PBXBuildFile; fileRef = 277572E3BF04C3CAEB68F314 /* G.mp4 */; };
		CC9F7CF201A3E258EBB642A0 /* MethodologyView.swift in Sources */ = {isa = PBXBuildFile; fileRef = BEA9F02C2F862FFD9570E2A2 /* MethodologyView.swift */; };
		CCEC3CD774FE593731C3ED23 /* Onboarding-ViewModel.swift in Sources */ = {isa = PBXBuildFile; fileRef = 19546F8AA686C231F1ACFD91 /* Onboarding-ViewModel.swift */; };
		CE39A377C95C11DB2287C0A6 /* MenuBar.swift in Sources */ = {isa = PBXBuildFile; fileRef = 21ECBB6C7532A5308B658E8F /* MenuBar.swift */; };
		CE3F403C08786C6775DA81A0 /* PreferencesModel.swift in Sources */ = {isa = PBXBuildFile; fileRef = 80BACC74997B080438FE14A0 /* PreferencesModel.swift */; };
		CEE01633955853584ACBA91C /* OverlayModel.swift in Sources */ = {isa = PBXBuildFile; fileRef = 120CA86060C94F6B83E26727 /* OverlayModel.swift */; };
		D189B2AC4E87D7535520B14F /* AboutView-ViewModel.swift in Sources */ = {isa = PBXBuildFile; fileRef = 2517E85462A250C12D26230D /* AboutView-ViewModel.swift */; };
		D5DA82CA34354374DC4E5D38 /* B.mp4 in Resources */ = {isa = PBXBuildFile; fileRef = 5DEC431D2121DB064FA7F02E /* B.mp4 */; };
		D646E52E7B0F33779F4F32CC /* SDWebImageSwiftUI in Frameworks */ = {isa = PBXBuildFile; productRef = E7CB795ECE0BE037F8A5E951 /* SDWebImageSwiftUI */; };
		DE18BE76D5E73FA54D97F0E8 /* DefaultOverlay.swift in Sources */ = {isa = PBXBuildFile; fileRef = 05BA0F8FD6242D4C3CAC3D45 /* DefaultOverlay.swift */; };
		DF4945BC56FF23B1CBBE3793 /* NSVideoPlayer.swift in Sources */ = {isa = PBXBuildFile; fileRef = 21906E3446C9619EA2BC5658 /* NSVideoPlayer.swift */; };
		DF72C73D8F99DD9940A15AE2 /* StatsView-ViewModel.swift in Sources */ = {isa = PBXBuildFile; fileRef = BF73A845479299DAD64AB7B7 /* StatsView-ViewModel.swift */; };
		F115EF46A42948E895359379 /* PreferencesView.swift in Sources */ = {isa = PBXBuildFile; fileRef = AB9BB2090C22BF6B199906F7 /* PreferencesView.swift */; };
/* End PBXBuildFile section */

/* Begin PBXContainerItemProxy section */
		65119C1E8F51DCBAC6474427 /* PBXContainerItemProxy */ = {
			isa = PBXContainerItemProxy;
			containerPortal = A990E3196CFA3F63CE5D5B05 /* Project object */;
			proxyType = 1;
			remoteGlobalIDString = 58F02F606F6778EBED80F2C6;
			remoteInfo = Interlude;
		};
		78CEF32D284D67C5489A3F7C /* PBXContainerItemProxy */ = {
			isa = PBXContainerItemProxy;
			containerPortal = A990E3196CFA3F63CE5D5B05 /* Project object */;
			proxyType = 1;
			remoteGlobalIDString = CAB90CAEFF6F1C1AD015954E;
			remoteInfo = LauncherApp;
		};
/* End PBXContainerItemProxy section */

/* Begin PBXFileReference section */
		041352F0AF05FCEAE90D170A /* AboutView.swift */ = {isa = PBXFileReference; lastKnownFileType = sourcecode.swift; path = AboutView.swift; sourceTree = "<group>"; };
		05BA0F8FD6242D4C3CAC3D45 /* DefaultOverlay.swift */ = {isa = PBXFileReference; lastKnownFileType = sourcecode.swift; path = DefaultOverlay.swift; sourceTree = "<group>"; };
		0AC158593A3A999907A0080F /* testMacosApp.swift */ = {isa = PBXFileReference; lastKnownFileType = sourcecode.swift; path = testMacosApp.swift; sourceTree = "<group>"; };
		1089E0A3D17B038F73046BE0 /* StretchHomePage-ViewModel.swift */ = {isa = PBXFileReference; lastKnownFileType = sourcecode.swift; path = "StretchHomePage-ViewModel.swift"; sourceTree = "<group>"; };
		120CA86060C94F6B83E26727 /* OverlayModel.swift */ = {isa = PBXFileReference; lastKnownFileType = sourcecode.swift; path = OverlayModel.swift; sourceTree = "<group>"; };
		19546F8AA686C231F1ACFD91 /* Onboarding-ViewModel.swift */ = {isa = PBXFileReference; lastKnownFileType = sourcecode.swift; path = "Onboarding-ViewModel.swift"; sourceTree = "<group>"; };
		1F1485F54D5ACE1255A0D410 /* ScheduleManager.swift */ = {isa = PBXFileReference; lastKnownFileType = sourcecode.swift; path = ScheduleManager.swift; sourceTree = "<group>"; };
		21906E3446C9619EA2BC5658 /* NSVideoPlayer.swift */ = {isa = PBXFileReference; lastKnownFileType = sourcecode.swift; path = NSVideoPlayer.swift; sourceTree = "<group>"; };
		21C31B02615F73371580F602 /* StatsExportFormatterTests.swift */ = {isa = PBXFileReference; lastKnownFileType = sourcecode.swift; path = StatsExportFormatterTests.swift; sourceTree = "<group>"; };
		21ECBB6C7532A5308B658E8F /* MenuBar.swift */ = {isa = PBXFileReference; lastKnownFileType = sourcecode.swift; path = MenuBar.swift; sourceTree = "<group>"; };
		2335496FBD2409F63E9A235A /* InDepthView.swift */ = {isa = PBXFileReference; lastKnownFileType = sourcecode.swift; path = InDepthView.swift; sourceTree = "<group>"; };
		236BE3BB962F2CC63C0F0FEC /* LauncherApp.app */ = {isa = PBXFileReference; explicitFileType = wrapper.application; includeInIndex = 0; path = LauncherApp.app; sourceTree = BUILT_PRODUCTS_DIR; };
		2517E85462A250C12D26230D /* AboutView-ViewModel.swift */ = {isa = PBXFileReference; lastKnownFileType = sourcecode.swift; path = "AboutView-ViewModel.swift"; sourceTree = "<group>"; };
		277572E3BF04C3CAEB68F314 /* G.mp4 */ = {isa = PBXFileReference; path = G.mp4; sourceTree = "<group>"; };
		2D05AD6B777A6B12360ABD6C /* GeneralView-ViewModel.swift */ = {isa = PBXFileReference; lastKnownFileType = sourcecode.swift; path = "GeneralView-ViewModel.swift"; sourceTree = "<group>"; };
		2E5BE8DA7F0262731389FF2A /* Interlude.app */ = {isa = PBXFileReference; explicitFileType = wrapper.application; includeInIndex = 0; path = Interlude.app; sourceTree = BUILT_PRODUCTS_DIR; };
		3942E0A19435C25B7D355D6C /* UserDefaults.swift */ = {isa = PBXFileReference; lastKnownFileType = sourcecode.swift; path = UserDefaults.swift; sourceTree = "<group>"; };
		465889EDC0AC346FD249BB1D /* E.mp4 */ = {isa = PBXFileReference; path = E.mp4; sourceTree = "<group>"; };
		49EBC05F88E92CBE4701DA10 /* Configuration.storekit */ = {isa = PBXFileReference; path = Configuration.storekit; sourceTree = "<group>"; };
		578236216246F3E4DB87AF84 /* StoreManager.swift */ = {isa = PBXFileReference; lastKnownFileType = sourcecode.swift; path = StoreManager.swift; sourceTree = "<group>"; };
		5DEC431D2121DB064FA7F02E /* B.mp4 */ = {isa = PBXFileReference; path = B.mp4; sourceTree = "<group>"; };
		648952A634954BEEE0168BC1 /* ViewController.swift */ = {isa = PBXFileReference; lastKnownFileType = sourcecode.swift; path = ViewController.swift; sourceTree = "<group>"; };
		6580543A674AB978B4B1EF53 /* Assets.xcassets */ = {isa = PBXFileReference; lastKnownFileType = folder.assetcatalog; path = Assets.xcassets; sourceTree = "<group>"; };
		6C7143E6A3794A0D27EB66F1 /* StatsView.swift */ = {isa = PBXFileReference; lastKnownFileType = sourcecode.swift; path = StatsView.swift; sourceTree = "<group>"; };
		72607CB7A1F6C2A86B5E44C2 /* F.mp4 */ = {isa = PBXFileReference; path = F.mp4; sourceTree = "<group>"; };
		7A46B81228C24D8DD1E270D6 /* H.mp4 */ = {isa = PBXFileReference; path = H.mp4; sourceTree = "<group>"; };
		80BACC74997B080438FE14A0 /* PreferencesModel.swift */ = {isa = PBXFileReference; lastKnownFileType = sourcecode.swift; path = PreferencesModel.swift; sourceTree = "<group>"; };
		8663E0039F7BF7A96CDFC985 /* MoreView.swift */ = {isa = PBXFileReference; lastKnownFileType = sourcecode.swift; path = MoreView.swift; sourceTree = "<group>"; };
		8D2BC4017E468A434F8009AB /* StoreKit.framework */ = {isa = PBXFileReference; lastKnownFileType = wrapper.framework; name = StoreKit.framework; path = System/Library/Frameworks/StoreKit.framework; sourceTree = SDKROOT; };
		8FF967D438E5B8B8B6BC334E /* A.mp4 */ = {isa = PBXFileReference; path = A.mp4; sourceTree = "<group>"; };
		9002868086A2278F698AA7E9 /* Color.swift */ = {isa = PBXFileReference; lastKnownFileType = sourcecode.swift; path = Color.swift; sourceTree = "<group>"; };
		9868AFB38B03E58367068447 /* NSColor.swift */ = {isa = PBXFileReference; lastKnownFileType = sourcecode.swift; path = NSColor.swift; sourceTree = "<group>"; };
		99D16569C7F75CD1C7F42771 /* AppDelegate.swift */ = {isa = PBXFileReference; lastKnownFileType = sourcecode.swift; path = AppDelegate.swift; sourceTree = "<group>"; };
		A35A21DF33FE7BBF90FC4405 /* StatsComputationTests.swift */ = {isa = PBXFileReference; lastKnownFileType = sourcecode.swift; path = StatsComputationTests.swift; sourceTree = "<group>"; };
		A933902DE31EFD06A860E2F9 /* Constants.swift */ = {isa = PBXFileReference; lastKnownFileType = sourcecode.swift; path = Constants.swift; sourceTree = "<group>"; };
		AB9BB2090C22BF6B199906F7 /* PreferencesView.swift */ = {isa = PBXFileReference; lastKnownFileType = sourcecode.swift; path = PreferencesView.swift; sourceTree = "<group>"; };
		BC23767B147188EBCAAB917D /* overlayDefault.mov */ = {isa = PBXFileReference; lastKnownFileType = video.quicktime; path = overlayDefault.mov; sourceTree = "<group>"; };
		BEA9F02C2F862FFD9570E2A2 /* MethodologyView.swift */ = {isa = PBXFileReference; lastKnownFileType = sourcecode.swift; path = MethodologyView.swift; sourceTree = "<group>"; };
		BF73A845479299DAD64AB7B7 /* StatsView-ViewModel.swift */ = {isa = PBXFileReference; lastKnownFileType = sourcecode.swift; path = "StatsView-ViewModel.swift"; sourceTree = "<group>"; };
		C248B76DFC2B67AD25451842 /* Assets.xcassets */ = {isa = PBXFileReference; lastKnownFileType = folder.assetcatalog; path = Assets.xcassets; sourceTree = "<group>"; };
		C4F3B6EF31125CB17644A9F2 /* StretchHomePage.swift */ = {isa = PBXFileReference; lastKnownFileType = sourcecode.swift; path = StretchHomePage.swift; sourceTree = "<group>"; };
		D7CF52C6B8956C2BC7CB677C /* D.mp4 */ = {isa = PBXFileReference; path = D.mp4; sourceTree = "<group>"; };
		E943D660467F86505F2FAFCD /* Notification.swift */ = {isa = PBXFileReference; lastKnownFileType = sourcecode.swift; path = Notification.swift; sourceTree = "<group>"; };
		EA285A91FC377388D38B7776 /* GeneralView.swift */ = {isa = PBXFileReference; lastKnownFileType = sourcecode.swift; path = GeneralView.swift; sourceTree = "<group>"; };
		EF5E3679B4E7E564F2033E68 /* OnboardingView.swift */ = {isa = PBXFileReference; lastKnownFileType = sourcecode.swift; path = OnboardingView.swift; sourceTree = "<group>"; };
		F4792836AB63996DBB65383F /* C.mp4 */ = {isa = PBXFileReference; path = C.mp4; sourceTree = "<group>"; };
		F60C12A9A3DA8CE4899E64A5 /* hourglassf.gif */ = {isa = PBXFileReference; lastKnownFileType = image.gif; path = hourglassf.gif; sourceTree = "<group>"; };
		F97F8D861621256BDECE87FD /* InterludeTests.xctest */ = {isa = PBXFileReference; explicitFileType = wrapper.cfbundle; includeInIndex = 0; path = InterludeTests.xctest; sourceTree = BUILT_PRODUCTS_DIR; };
/* End PBXFileReference section */

/* Begin PBXFrameworksBuildPhase section */
		754DF31193D594AC76B3713F /* Frameworks */ = {
			isa = PBXFrameworksBuildPhase;
			buildActionMask = 2147483647;
			files = (
				D646E52E7B0F33779F4F32CC /* SDWebImageSwiftUI in Frameworks */,
				9863670E3787315F5CDFD1F4 /* StoreKit.framework in Frameworks */,
			);
			runOnlyForDeploymentPostprocessing = 0;
		};
		7709E0570260D81C8F8E4A09 /* Frameworks */ = {
			isa = PBXFrameworksBuildPhase;
			buildActionMask = 2147483647;
			files = (
				124F6302831427045EC08737 /* StoreKit.framework in Frameworks */,
			);
			runOnlyForDeploymentPostprocessing = 0;
		};
/* End PBXFrameworksBuildPhase section */

/* Begin PBXGroup section */
		0CC0CBED746DFF0FE3FC90CA /* testMacos */ = {
			isa = PBXGroup;
			children = (
				6580543A674AB978B4B1EF53 /* Assets.xcassets */,
				A933902DE31EFD06A860E2F9 /* Constants.swift */,
				21ECBB6C7532A5308B658E8F /* MenuBar.swift */,
				1F1485F54D5ACE1255A0D410 /* ScheduleManager.swift */,
				0AC158593A3A999907A0080F /* testMacosApp.swift */,
				F3E807D37DC74DE503DCB11A /* Extensions */,
				483018D6A7DF5AB813D1CEE3 /* Onboarding */,
				1E6CA99F1E6FE6192D3F08FD /* Overlays */,
				B020148308C760A56D7B9C32 /* Preferences */,
				0E0549707C14E4370DC816B8 /* Stats */,
				987FFB5BDE9AD0924520D810 /* StretchGroup */,
			);
			path = testMacos;
			sourceTree = "<group>";
		};
		0E0549707C14E4370DC816B8 /* Stats */ = {
			isa = PBXGroup;
			children = (
				BF73A845479299DAD64AB7B7 /* StatsView-ViewModel.swift */,
				6C7143E6A3794A0D27EB66F1 /* StatsView.swift */,
			);
			path = Stats;
			sourceTree = "<group>";
		};
		1DC187EF7DFA169557DF0BAE /* Products */ = {
			isa = PBXGroup;
			children = (
				2E5BE8DA7F0262731389FF2A /* Interlude.app */,
				F97F8D861621256BDECE87FD /* InterludeTests.xctest */,
				236BE3BB962F2CC63C0F0FEC /* LauncherApp.app */,
			);
			name = Products;
			sourceTree = "<group>";
		};
		1E6CA99F1E6FE6192D3F08FD /* Overlays */ = {
			isa = PBXGroup;
			children = (
				05BA0F8FD6242D4C3CAC3D45 /* DefaultOverlay.swift */,
				120CA86060C94F6B83E26727 /* OverlayModel.swift */,
			);
			path = Overlays;
			sourceTree = "<group>";
		};
		483018D6A7DF5AB813D1CEE3 /* Onboarding */ = {
			isa = PBXGroup;
			children = (
				19546F8AA686C231F1ACFD91 /* Onboarding-ViewModel.swift */,
				EF5E3679B4E7E564F2033E68 /* OnboardingView.swift */,
			);
			path = Onboarding;
			sourceTree = "<group>";
		};
		55677E5365D6F2E2B822E22E = {
			isa = PBXGroup;
			children = (
				F60C12A9A3DA8CE4899E64A5 /* hourglassf.gif */,
				BC23767B147188EBCAAB917D /* overlayDefault.mov */,
				98BB177D077397971BDC99CB /* InterludeTests */,
				8A66D5F5E6CBC04205BEEA08 /* LauncherApp */,
				0CC0CBED746DFF0FE3FC90CA /* testMacos */,
				A5010F8940CE31263FC4BFAE /* Frameworks */,
				1DC187EF7DFA169557DF0BAE /* Products */,
			);
			sourceTree = "<group>";
		};
		713937B0F5754B5EEF91E7EB /* Visuals */ = {
			isa = PBXGroup;
			children = (
				8FF967D438E5B8B8B6BC334E /* A.mp4 */,
				5DEC431D2121DB064FA7F02E /* B.mp4 */,
				F4792836AB63996DBB65383F /* C.mp4 */,
				D7CF52C6B8956C2BC7CB677C /* D.mp4 */,
				465889EDC0AC346FD249BB1D /* E.mp4 */,
				72607CB7A1F6C2A86B5E44C2 /* F.mp4 */,
				277572E3BF04C3CAEB68F314 /* G.mp4 */,
				7A46B81228C24D8DD1E270D6 /* H.mp4 */,
			);
			path = Visuals;
			sourceTree = "<group>";
		};
		8A66D5F5E6CBC04205BEEA08 /* LauncherApp */ = {
			isa = PBXGroup;
			children = (
				99D16569C7F75CD1C7F42771 /* AppDelegate.swift */,
				C248B76DFC2B67AD25451842 /* Assets.xcassets */,
				648952A634954BEEE0168BC1 /* ViewController.swift */,
			);
			path = LauncherApp;
			sourceTree = "<group>";
		};
		987FFB5BDE9AD0924520D810 /* StretchGroup */ = {
			isa = PBXGroup;
			children = (
				2335496FBD2409F63E9A235A /* InDepthView.swift */,
				1089E0A3D17B038F73046BE0 /* StretchHomePage-ViewModel.swift */,
				C4F3B6EF31125CB17644A9F2 /* StretchHomePage.swift */,
				713937B0F5754B5EEF91E7EB /* Visuals */,
			);
			path = StretchGroup;
			sourceTree = "<group>";
		};
		98BB177D077397971BDC99CB /* InterludeTests */ = {
			isa = PBXGroup;
			children = (
				A35A21DF33FE7BBF90FC4405 /* StatsComputationTests.swift */,
				21C31B02615F73371580F602 /* StatsExportFormatterTests.swift */,
			);
			path = InterludeTests;
			sourceTree = "<group>";
		};
		A5010F8940CE31263FC4BFAE /* Frameworks */ = {
			isa = PBXGroup;
			children = (
				8D2BC4017E468A434F8009AB /* StoreKit.framework */,
			);
			name = Frameworks;
			sourceTree = "<group>";
		};
		B020148308C760A56D7B9C32 /* Preferences */ = {
			isa = PBXGroup;
			children = (
				2517E85462A250C12D26230D /* AboutView-ViewModel.swift */,
				041352F0AF05FCEAE90D170A /* AboutView.swift */,
				49EBC05F88E92CBE4701DA10 /* Configuration.storekit */,
				2D05AD6B777A6B12360ABD6C /* GeneralView-ViewModel.swift */,
				EA285A91FC377388D38B7776 /* GeneralView.swift */,
				BEA9F02C2F862FFD9570E2A2 /* MethodologyView.swift */,
				8663E0039F7BF7A96CDFC985 /* MoreView.swift */,
				80BACC74997B080438FE14A0 /* PreferencesModel.swift */,
				AB9BB2090C22BF6B199906F7 /* PreferencesView.swift */,
				578236216246F3E4DB87AF84 /* StoreManager.swift */,
			);
			path = Preferences;
			sourceTree = "<group>";
		};
		F3E807D37DC74DE503DCB11A /* Extensions */ = {
			isa = PBXGroup;
			children = (
				9002868086A2278F698AA7E9 /* Color.swift */,
				E943D660467F86505F2FAFCD /* Notification.swift */,
				9868AFB38B03E58367068447 /* NSColor.swift */,
				21906E3446C9619EA2BC5658 /* NSVideoPlayer.swift */,
				3942E0A19435C25B7D355D6C /* UserDefaults.swift */,
			);
			path = Extensions;
			sourceTree = "<group>";
		};
/* End PBXGroup section */

/* Begin PBXNativeTarget section */
		58F02F606F6778EBED80F2C6 /* Interlude */ = {
			isa = PBXNativeTarget;
			buildConfigurationList = C472386FC57591788B0BC315 /* Build configuration list for PBXNativeTarget "Interlude" */;
			buildPhases = (
				FF430483CF9D3C35FE57C366 /* Sources */,
				4B52880D44A042652FB4398E /* Resources */,
				754DF31193D594AC76B3713F /* Frameworks */,
				188EFA12575DBBD5D90471E4 /* Embed Login Item Helper */,
			);
			buildRules = (
			);
			dependencies = (
				653AB5619E53DD525E48BA7F /* PBXTargetDependency */,
			);
			name = Interlude;
			packageProductDependencies = (
				E7CB795ECE0BE037F8A5E951 /* SDWebImageSwiftUI */,
			);
			productName = Interlude;
			productReference = 2E5BE8DA7F0262731389FF2A /* Interlude.app */;
			productType = "com.apple.product-type.application";
		};
		95EC4D3156CA72E93AFCF2A1 /* InterludeTests */ = {
			isa = PBXNativeTarget;
			buildConfigurationList = 56D17796E91C01826D349C92 /* Build configuration list for PBXNativeTarget "InterludeTests" */;
			buildPhases = (
				86A1389ADB0973B88806B847 /* Sources */,
			);
			buildRules = (
			);
			dependencies = (
				00776A170AA3F5BFFA17C4E8 /* PBXTargetDependency */,
			);
			name = InterludeTests;
			packageProductDependencies = (
			);
			productName = InterludeTests;
			productReference = F97F8D861621256BDECE87FD /* InterludeTests.xctest */;
			productType = "com.apple.product-type.bundle.unit-test";
		};
		CAB90CAEFF6F1C1AD015954E /* LauncherApp */ = {
			isa = PBXNativeTarget;
			buildConfigurationList = 2DF655BFB8BA41FE3EBF953B /* Build configuration list for PBXNativeTarget "LauncherApp" */;
			buildPhases = (
				C02C0557BF8D3D8CEB155642 /* Sources */,
				E3B60989CB31E5DC4233F157 /* Resources */,
				7709E0570260D81C8F8E4A09 /* Frameworks */,
			);
			buildRules = (
			);
			dependencies = (
			);
			name = LauncherApp;
			packageProductDependencies = (
			);
			productName = LauncherApp;
			productReference = 236BE3BB962F2CC63C0F0FEC /* LauncherApp.app */;
			productType = "com.apple.product-type.application";
		};
/* End PBXNativeTarget section */

/* Begin PBXProject section */
		A990E3196CFA3F63CE5D5B05 /* Project object */ = {
			isa = PBXProject;
			attributes = {
				BuildIndependentTargetsInParallel = YES;
				LastUpgradeCheck = 1430;
				TargetAttributes = {
					58F02F606F6778EBED80F2C6 = {
						DevelopmentTeam = 8S9CQKY697;
						ProvisioningStyle = Automatic;
					};
					95EC4D3156CA72E93AFCF2A1 = {
						DevelopmentTeam = 8S9CQKY697;
						ProvisioningStyle = Automatic;
					};
					CAB90CAEFF6F1C1AD015954E = {
						DevelopmentTeam = 8S9CQKY697;
						ProvisioningStyle = Automatic;
					};
				};
			};
			buildConfigurationList = 4F58179722B4706E3F97DD5D /* Build configuration list for PBXProject "Interlude" */;
			developmentRegion = en;
			hasScannedForEncodings = 0;
			knownRegions = (
				Base,
				en,
			);
			mainGroup = 55677E5365D6F2E2B822E22E;
			minimizedProjectReferenceProxies = 1;
			packageReferences = (
				0AE743A2869E10054781D697 /* XCRemoteSwiftPackageReference "SDWebImageSwiftUI" */,
			);
			preferredProjectObjectVersion = 77;
			productRefGroup = 1DC187EF7DFA169557DF0BAE /* Products */;
			projectDirPath = "";
			projectRoot = "";
			targets = (
				58F02F606F6778EBED80F2C6 /* Interlude */,
				95EC4D3156CA72E93AFCF2A1 /* InterludeTests */,
				CAB90CAEFF6F1C1AD015954E /* LauncherApp */,
			);
		};
/* End PBXProject section */

/* Begin PBXResourcesBuildPhase section */
		4B52880D44A042652FB4398E /* Resources */ = {
			isa = PBXResourcesBuildPhase;
			buildActionMask = 2147483647;
			files = (
				54CAFC3351F4AAEF16B106F1 /* A.mp4 in Resources */,
				A55A6E0B4B83D225283A4633 /* Assets.xcassets in Resources */,
				D5DA82CA34354374DC4E5D38 /* B.mp4 in Resources */,
				40B6F77B2D3FC95345436432 /* C.mp4 in Resources */,
				7EC113356AC04B7E49EE1ACD /* Configuration.storekit in Resources */,
				5BF79EF5560FCA882459BEE6 /* D.mp4 in Resources */,
				5333A86996F826D256CE57E0 /* E.mp4 in Resources */,
				79D01A7D3D8A0EEDDB8533C3 /* F.mp4 in Resources */,
				CBC6807C1F7D242D390FBB0A /* G.mp4 in Resources */,
				A04D2D876812EC4D9791DC44 /* H.mp4 in Resources */,
				0BD69BF22EC93024D73BA80A /* hourglassf.gif in Resources */,
				8AC07B62DB6E24EE09F66B3C /* overlayDefault.mov in Resources */,
			);
			runOnlyForDeploymentPostprocessing = 0;
		};
		E3B60989CB31E5DC4233F157 /* Resources */ = {
			isa = PBXResourcesBuildPhase;
			buildActionMask = 2147483647;
			files = (
				B5109D7635BD7D83E868D123 /* Assets.xcassets in Resources */,
			);
			runOnlyForDeploymentPostprocessing = 0;
		};
/* End PBXResourcesBuildPhase section */

/* Begin PBXShellScriptBuildPhase section */
		188EFA12575DBBD5D90471E4 /* Embed Login Item Helper */ = {
			isa = PBXShellScriptBuildPhase;
			buildActionMask = 2147483647;
			files = (
			);
			inputFileListPaths = (
			);
			inputPaths = (
				"${BUILT_PRODUCTS_DIR}/LauncherApp.app",
			);
			name = "Embed Login Item Helper";
			outputFileListPaths = (
			);
			outputPaths = (
				"${TARGET_BUILD_DIR}/${WRAPPER_NAME}/Contents/Library/LoginItems/LauncherApp.app",
			);
			runOnlyForDeploymentPostprocessing = 0;
			shellPath = /bin/sh;
			shellScript = "DEST=\"${TARGET_BUILD_DIR}/${WRAPPER_NAME}/Contents/Library/LoginItems\"\nmkdir -p \"${DEST}\"\nrm -rf \"${DEST}/LauncherApp.app\"\ncp -R -L \"${BUILT_PRODUCTS_DIR}/LauncherApp.app\" \"${DEST}/LauncherApp.app\"\n";
		};
/* End PBXShellScriptBuildPhase section */

/* Begin PBXSourcesBuildPhase section */
		86A1389ADB0973B88806B847 /* Sources */ = {
			isa = PBXSourcesBuildPhase;
			buildActionMask = 2147483647;
			files = (
				27B8A3680915BDF8FCEEED46 /* StatsComputationTests.swift in Sources */,
				30FF200A7ABB0BC735BB7643 /* StatsExportFormatterTests.swift in Sources */,
			);
			runOnlyForDeploymentPostprocessing = 0;
		};
		C02C0557BF8D3D8CEB155642 /* Sources */ = {
			isa = PBXSourcesBuildPhase;
			buildActionMask = 2147483647;
			files = (
				03821F414E90139493358D78 /* AppDelegate.swift in Sources */,
				10D552299B1CBB0D9E28AA84 /* ViewController.swift in Sources */,
			);
			runOnlyForDeploymentPostprocessing = 0;
		};
		FF430483CF9D3C35FE57C366 /* Sources */ = {
			isa = PBXSourcesBuildPhase;
			buildActionMask = 2147483647;
			files = (
				D189B2AC4E87D7535520B14F /* AboutView-ViewModel.swift in Sources */,
				C501DB9D6AC57ABF23DB9B7C /* AboutView.swift in Sources */,
				26845623529FCBB585EB4069 /* Color.swift in Sources */,
				6252C7CB3D1AAC1A2846495A /* Constants.swift in Sources */,
				DE18BE76D5E73FA54D97F0E8 /* DefaultOverlay.swift in Sources */,
				5207D153D56B1E08EA916EFB /* GeneralView-ViewModel.swift in Sources */,
				2AE949C198392D7D128BAF54 /* GeneralView.swift in Sources */,
				1E7F7497B525B8B0750C25C2 /* InDepthView.swift in Sources */,
				CE39A377C95C11DB2287C0A6 /* MenuBar.swift in Sources */,
				CC9F7CF201A3E258EBB642A0 /* MethodologyView.swift in Sources */,
				7648E7B630679CE115BB3BC7 /* MoreView.swift in Sources */,
				418C50FE10BA47A885822E12 /* NSColor.swift in Sources */,
				DF4945BC56FF23B1CBBE3793 /* NSVideoPlayer.swift in Sources */,
				02DB9E9408F1FB9AF6C99304 /* Notification.swift in Sources */,
				CCEC3CD774FE593731C3ED23 /* Onboarding-ViewModel.swift in Sources */,
				2572E90AD7F0FEB4E018A02B /* OnboardingView.swift in Sources */,
				CEE01633955853584ACBA91C /* OverlayModel.swift in Sources */,
				CE3F403C08786C6775DA81A0 /* PreferencesModel.swift in Sources */,
				F115EF46A42948E895359379 /* PreferencesView.swift in Sources */,
				11450D8C0794F282962B961D /* ScheduleManager.swift in Sources */,
				DF72C73D8F99DD9940A15AE2 /* StatsView-ViewModel.swift in Sources */,
				685661731E61ACED574CB92F /* StatsView.swift in Sources */,
				8962E5DDD3559281A148CF57 /* StoreManager.swift in Sources */,
				C61599DE71CDA5EE5E6ED5C6 /* StretchHomePage-ViewModel.swift in Sources */,
				93D590B6537B4D7E93B48D12 /* StretchHomePage.swift in Sources */,
				23AB7CF81426FC98559FFE91 /* UserDefaults.swift in Sources */,
				7049D4F6C6AF567E79D42BC3 /* testMacosApp.swift in Sources */,
			);
			runOnlyForDeploymentPostprocessing = 0;
		};
/* End PBXSourcesBuildPhase section */

/* Begin PBXTargetDependency section */
		00776A170AA3F5BFFA17C4E8 /* PBXTargetDependency */ = {
			isa = PBXTargetDependency;
			target = 58F02F606F6778EBED80F2C6 /* Interlude */;
			targetProxy = 65119C1E8F51DCBAC6474427 /* PBXContainerItemProxy */;
		};
		653AB5619E53DD525E48BA7F /* PBXTargetDependency */ = {
			isa = PBXTargetDependency;
			target = CAB90CAEFF6F1C1AD015954E /* LauncherApp */;
			targetProxy = 78CEF32D284D67C5489A3F7C /* PBXContainerItemProxy */;
		};
/* End PBXTargetDependency section */

/* Begin XCBuildConfiguration section */
		053E0104F083C66E65EE02D3 /* Release */ = {
			isa = XCBuildConfiguration;
			buildSettings = {
				BUNDLE_LOADER = "$(TEST_HOST)";
				CODE_SIGN_IDENTITY = "Apple Development";
				CODE_SIGN_STYLE = Automatic;
				COMBINE_HIDPI_IMAGES = YES;
				DEVELOPMENT_TEAM = 8S9CQKY697;
				GENERATE_INFOPLIST_FILE = YES;
				LD_RUNPATH_SEARCH_PATHS = (
					"$(inherited)",
					"@executable_path/../Frameworks",
					"@loader_path/../Frameworks",
				);
				MACOSX_DEPLOYMENT_TARGET = 11.0;
				PRODUCT_BUNDLE_IDENTIFIER = com.twenty.twenty.tests;
				PRODUCT_NAME = "$(TARGET_NAME)";
				SDKROOT = macosx;
				SWIFT_VERSION = 5.0;
				TEST_HOST = "$(BUILT_PRODUCTS_DIR)/Interlude.app/Contents/MacOS/Interlude";
			};
			name = Release;
		};
		62804A107CFBA152095B75A1 /* Debug */ = {
			isa = XCBuildConfiguration;
			buildSettings = {
				ALWAYS_SEARCH_USER_PATHS = NO;
				CLANG_ANALYZER_NONNULL = YES;
				CLANG_ANALYZER_NUMBER_OBJECT_CONVERSION = YES_AGGRESSIVE;
				CLANG_CXX_LANGUAGE_STANDARD = "gnu++14";
				CLANG_CXX_LIBRARY = "libc++";
				CLANG_ENABLE_MODULES = YES;
				CLANG_ENABLE_OBJC_ARC = YES;
				CLANG_ENABLE_OBJC_WEAK = YES;
				CLANG_WARN_BLOCK_CAPTURE_AUTORELEASING = YES;
				CLANG_WARN_BOOL_CONVERSION = YES;
				CLANG_WARN_COMMA = YES;
				CLANG_WARN_CONSTANT_CONVERSION = YES;
				CLANG_WARN_DEPRECATED_OBJC_IMPLEMENTATIONS = YES;
				CLANG_WARN_DIRECT_OBJC_ISA_USAGE = YES_ERROR;
				CLANG_WARN_DOCUMENTATION_COMMENTS = YES;
				CLANG_WARN_EMPTY_BODY = YES;
				CLANG_WARN_ENUM_CONVERSION = YES;
				CLANG_WARN_INFINITE_RECURSION = YES;
				CLANG_WARN_INT_CONVERSION = YES;
				CLANG_WARN_NON_LITERAL_NULL_CONVERSION = YES;
				CLANG_WARN_OBJC_IMPLICIT_RETAIN_SELF = YES;
				CLANG_WARN_OBJC_LITERAL_CONVERSION = YES;
				CLANG_WARN_OBJC_ROOT_CLASS = YES_ERROR;
				CLANG_WARN_QUOTED_INCLUDE_IN_FRAMEWORK_HEADER = YES;
				CLANG_WARN_RANGE_LOOP_ANALYSIS = YES;
				CLANG_WARN_STRICT_PROTOTYPES = YES;
				CLANG_WARN_SUSPICIOUS_MOVE = YES;
				CLANG_WARN_UNGUARDED_AVAILABILITY = YES_AGGRESSIVE;
				CLANG_WARN_UNREACHABLE_CODE = YES;
				CLANG_WARN__DUPLICATE_METHOD_MATCH = YES;
				COPY_PHASE_STRIP = NO;
				DEBUG_INFORMATION_FORMAT = dwarf;
				ENABLE_STRICT_OBJC_MSGSEND = YES;
				ENABLE_TESTABILITY = YES;
				GCC_C_LANGUAGE_STANDARD = gnu11;
				GCC_DYNAMIC_NO_PIC = NO;
				GCC_NO_COMMON_BLOCKS = YES;
				GCC_OPTIMIZATION_LEVEL = 0;
				GCC_PREPROCESSOR_DEFINITIONS = (
					"$(inherited)",
					"DEBUG=1",
				);
				GCC_WARN_64_TO_32_BIT_CONVERSION = YES;
				GCC_WARN_ABOUT_RETURN_TYPE = YES_ERROR;
				GCC_WARN_UNDECLARED_SELECTOR = YES;
				GCC_WARN_UNINITIALIZED_AUTOS = YES_AGGRESSIVE;
				GCC_WARN_UNUSED_FUNCTION = YES;
				GCC_WARN_UNUSED_VARIABLE = YES;
				MACOSX_DEPLOYMENT_TARGET = 11.0;
				MTL_ENABLE_DEBUG_INFO = INCLUDE_SOURCE;
				MTL_FAST_MATH = YES;
				ONLY_ACTIVE_ARCH = YES;
				PRODUCT_NAME = "$(TARGET_NAME)";
				SDKROOT = macosx;
				SWIFT_ACTIVE_COMPILATION_CONDITIONS = DEBUG;
				SWIFT_OPTIMIZATION_LEVEL = "-Onone";
				SWIFT_VERSION = 5.0;
			};
			name = Debug;
		};
		6A39C155B99CA1A78D8837A1 /* Release */ = {
			isa = XCBuildConfiguration;
			buildSettings = {
				ASSETCATALOG_COMPILER_APPICON_NAME = AppIcon;
				ASSETCATALOG_COMPILER_GLOBAL_ACCENT_COLOR_NAME = AccentColor;
				CODE_SIGN_ENTITLEMENTS = LauncherApp/LauncherApp.entitlements;
				CODE_SIGN_IDENTITY = "Apple Development";
				CODE_SIGN_STYLE = Automatic;
				COMBINE_HIDPI_IMAGES = YES;
				CURRENT_PROJECT_VERSION = 1;
				DEVELOPMENT_TEAM = 8S9CQKY697;
				ENABLE_HARDENED_RUNTIME = YES;
				GENERATE_INFOPLIST_FILE = YES;
				INFOPLIST_FILE = LauncherApp/Info.plist;
				INFOPLIST_KEY_ITSAppUsesNonExemptEncryption = NO;
				INFOPLIST_KEY_NSHumanReadableCopyright = "";
				INFOPLIST_KEY_NSMainStoryboardFile = Main;
				INFOPLIST_KEY_NSPrincipalClass = NSApplication;
				LD_RUNPATH_SEARCH_PATHS = (
					"$(inherited)",
					"@executable_path/../Frameworks",
				);
				MACOSX_DEPLOYMENT_TARGET = 12.1;
				MARKETING_VERSION = 1.0;
				PRODUCT_BUNDLE_IDENTIFIER = "com.Rocco-Piscatello.LauncherApp";
				PRODUCT_NAME = "$(TARGET_NAME)";
				SDKROOT = macosx;
				SKIP_INSTALL = YES;
				SWIFT_EMIT_LOC_STRINGS = YES;
				SWIFT_VERSION = 5.0;
			};
			name = Release;
		};
		9A050012256CCE9BE301AB20 /* Release */ = {
			isa = XCBuildConfiguration;
			buildSettings = {
				ALWAYS_SEARCH_USER_PATHS = NO;
				CLANG_ANALYZER_NONNULL = YES;
				CLANG_ANALYZER_NUMBER_OBJECT_CONVERSION = YES_AGGRESSIVE;
				CLANG_CXX_LANGUAGE_STANDARD = "gnu++14";
				CLANG_CXX_LIBRARY = "libc++";
				CLANG_ENABLE_MODULES = YES;
				CLANG_ENABLE_OBJC_ARC = YES;
				CLANG_ENABLE_OBJC_WEAK = YES;
				CLANG_WARN_BLOCK_CAPTURE_AUTORELEASING = YES;
				CLANG_WARN_BOOL_CONVERSION = YES;
				CLANG_WARN_COMMA = YES;
				CLANG_WARN_CONSTANT_CONVERSION = YES;
				CLANG_WARN_DEPRECATED_OBJC_IMPLEMENTATIONS = YES;
				CLANG_WARN_DIRECT_OBJC_ISA_USAGE = YES_ERROR;
				CLANG_WARN_DOCUMENTATION_COMMENTS = YES;
				CLANG_WARN_EMPTY_BODY = YES;
				CLANG_WARN_ENUM_CONVERSION = YES;
				CLANG_WARN_INFINITE_RECURSION = YES;
				CLANG_WARN_INT_CONVERSION = YES;
				CLANG_WARN_NON_LITERAL_NULL_CONVERSION = YES;
				CLANG_WARN_OBJC_IMPLICIT_RETAIN_SELF = YES;
				CLANG_WARN_OBJC_LITERAL_CONVERSION = YES;
				CLANG_WARN_OBJC_ROOT_CLASS = YES_ERROR;
				CLANG_WARN_QUOTED_INCLUDE_IN_FRAMEWORK_HEADER = YES;
				CLANG_WARN_RANGE_LOOP_ANALYSIS = YES;
				CLANG_WARN_STRICT_PROTOTYPES = YES;
				CLANG_WARN_SUSPICIOUS_MOVE = YES;
				CLANG_WARN_UNGUARDED_AVAILABILITY = YES_AGGRESSIVE;
				CLANG_WARN_UNREACHABLE_CODE = YES;
				CLANG_WARN__DUPLICATE_METHOD_MATCH = YES;
				COPY_PHASE_STRIP = NO;
				DEBUG_INFORMATION_FORMAT = "dwarf-with-dsym";
				ENABLE_NS_ASSERTIONS = NO;
				ENABLE_STRICT_OBJC_MSGSEND = YES;
				GCC_C_LANGUAGE_STANDARD = gnu11;
				GCC_NO_COMMON_BLOCKS = YES;
				GCC_WARN_64_TO_32_BIT_CONVERSION = YES;
				GCC_WARN_ABOUT_RETURN_TYPE = YES_ERROR;
				GCC_WARN_UNDECLARED_SELECTOR = YES;
				GCC_WARN_UNINITIALIZED_AUTOS = YES_AGGRESSIVE;
				GCC_WARN_UNUSED_FUNCTION = YES;
				GCC_WARN_UNUSED_VARIABLE = YES;
				MACOSX_DEPLOYMENT_TARGET = 11.0;
				MTL_ENABLE_DEBUG_INFO = NO;
				MTL_FAST_MATH = YES;
				PRODUCT_NAME = "$(TARGET_NAME)";
				SDKROOT = macosx;
				SWIFT_COMPILATION_MODE = wholemodule;
				SWIFT_OPTIMIZATION_LEVEL = "-O";
				SWIFT_VERSION = 5.0;
			};
			name = Release;
		};
		A43AB257E2B8DDB8EC4F02CC /* Debug */ = {
			isa = XCBuildConfiguration;
			buildSettings = {
				ASSETCATALOG_COMPILER_APPICON_NAME = AppIcon;
				ASSETCATALOG_COMPILER_GLOBAL_ACCENT_COLOR_NAME = AccentColor;
				CODE_SIGN_ENTITLEMENTS = LauncherApp/LauncherApp.entitlements;
				CODE_SIGN_IDENTITY = "Apple Development";
				CODE_SIGN_STYLE = Automatic;
				COMBINE_HIDPI_IMAGES = YES;
				CURRENT_PROJECT_VERSION = 1;
				DEVELOPMENT_TEAM = 8S9CQKY697;
				ENABLE_HARDENED_RUNTIME = YES;
				GENERATE_INFOPLIST_FILE = YES;
				INFOPLIST_FILE = LauncherApp/Info.plist;
				INFOPLIST_KEY_ITSAppUsesNonExemptEncryption = NO;
				INFOPLIST_KEY_NSHumanReadableCopyright = "";
				INFOPLIST_KEY_NSMainStoryboardFile = Main;
				INFOPLIST_KEY_NSPrincipalClass = NSApplication;
				LD_RUNPATH_SEARCH_PATHS = (
					"$(inherited)",
					"@executable_path/../Frameworks",
				);
				MACOSX_DEPLOYMENT_TARGET = 12.1;
				MARKETING_VERSION = 1.0;
				PRODUCT_BUNDLE_IDENTIFIER = "com.Rocco-Piscatello.LauncherApp";
				PRODUCT_NAME = "$(TARGET_NAME)";
				SDKROOT = macosx;
				SKIP_INSTALL = YES;
				SWIFT_EMIT_LOC_STRINGS = YES;
				SWIFT_VERSION = 5.0;
			};
			name = Debug;
		};
		A95E4595CDD0A4B521BCAD39 /* Debug */ = {
			isa = XCBuildConfiguration;
			buildSettings = {
				BUNDLE_LOADER = "$(TEST_HOST)";
				CODE_SIGN_IDENTITY = "Apple Development";
				CODE_SIGN_STYLE = Automatic;
				COMBINE_HIDPI_IMAGES = YES;
				DEVELOPMENT_TEAM = 8S9CQKY697;
				GENERATE_INFOPLIST_FILE = YES;
				LD_RUNPATH_SEARCH_PATHS = (
					"$(inherited)",
					"@executable_path/../Frameworks",
					"@loader_path/../Frameworks",
				);
				MACOSX_DEPLOYMENT_TARGET = 11.0;
				PRODUCT_BUNDLE_IDENTIFIER = com.twenty.twenty.tests;
				PRODUCT_NAME = "$(TARGET_NAME)";
				SDKROOT = macosx;
				SWIFT_VERSION = 5.0;
				TEST_HOST = "$(BUILT_PRODUCTS_DIR)/Interlude.app/Contents/MacOS/Interlude";
			};
			name = Debug;
		};
		D7474706FCF5D0CE4024DC72 /* Release */ = {
			isa = XCBuildConfiguration;
			buildSettings = {
				ASSETCATALOG_COMPILER_APPICON_NAME = AppIcon;
				ASSETCATALOG_COMPILER_GLOBAL_ACCENT_COLOR_NAME = AccentColor;
				CODE_SIGN_ENTITLEMENTS = testMacos/testMacos.entitlements;
				CODE_SIGN_IDENTITY = "Apple Development";
				CODE_SIGN_STYLE = Automatic;
				COMBINE_HIDPI_IMAGES = YES;
				CURRENT_PROJECT_VERSION = 18;
				DEVELOPMENT_ASSET_PATHS = "\"testMacos/Preview Content\"";
				DEVELOPMENT_TEAM = 8S9CQKY697;
				ENABLE_HARDENED_RUNTIME = YES;
				ENABLE_PREVIEWS = YES;
				GENERATE_INFOPLIST_FILE = YES;
				INFOPLIST_FILE = "Interlude-Info.plist";
				INFOPLIST_KEY_CFBundleDisplayName = Interlude;
				INFOPLIST_KEY_ITSAppUsesNonExemptEncryption = NO;
				INFOPLIST_KEY_LSApplicationCategoryType = "public.app-category.utilities";
				INFOPLIST_KEY_NSCalendarsUsageDescription = "Interlude uses your calendar to avoid showing break overlays during meetings.";
				INFOPLIST_KEY_NSHumanReadableCopyright = "";
				LD_RUNPATH_SEARCH_PATHS = (
					"$(inherited)",
					"@executable_path/../Frameworks",
				);
				MACOSX_DEPLOYMENT_TARGET = 11.0;
				MARKETING_VERSION = 2.2;
				PRODUCT_BUNDLE_IDENTIFIER = com.twenty.twenty;
				PRODUCT_NAME = "$(TARGET_NAME)";
				SDKROOT = macosx;
				SWIFT_COMPILATION_MODE = wholemodule;
				SWIFT_EMIT_LOC_STRINGS = YES;
				SWIFT_OPTIMIZATION_LEVEL = "-O";
				SWIFT_VERSION = 5.0;
			};
			name = Release;
		};
		D942C01395250E8FAC4F8D07 /* Debug */ = {
			isa = XCBuildConfiguration;
			buildSettings = {
				ASSETCATALOG_COMPILER_APPICON_NAME = AppIcon;
				ASSETCATALOG_COMPILER_GLOBAL_ACCENT_COLOR_NAME = AccentColor;
				CODE_SIGN_ENTITLEMENTS = testMacos/testMacos.entitlements;
				CODE_SIGN_IDENTITY = "Apple Development";
				CODE_SIGN_STYLE = Automatic;
				COMBINE_HIDPI_IMAGES = YES;
				CURRENT_PROJECT_VERSION = 18;
				DEVELOPMENT_ASSET_PATHS = "\"testMacos/Preview Content\"";
				DEVELOPMENT_TEAM = 8S9CQKY697;
				ENABLE_HARDENED_RUNTIME = YES;
				ENABLE_PREVIEWS = YES;
				GENERATE_INFOPLIST_FILE = YES;
				INFOPLIST_FILE = "Interlude-Info.plist";
				INFOPLIST_KEY_CFBundleDisplayName = Interlude;
				INFOPLIST_KEY_ITSAppUsesNonExemptEncryption = NO;
				INFOPLIST_KEY_LSApplicationCategoryType = "public.app-category.utilities";
				INFOPLIST_KEY_NSCalendarsUsageDescription = "Interlude uses your calendar to avoid showing break overlays during meetings.";
				INFOPLIST_KEY_NSHumanReadableCopyright = "";
				LD_RUNPATH_SEARCH_PATHS = (
					"$(inherited)",
					"@executable_path/../Frameworks",
				);
				MACOSX_DEPLOYMENT_TARGET = 11.0;
				MARKETING_VERSION = 2.2;
				PRODUCT_BUNDLE_IDENTIFIER = com.twenty.twenty;
				PRODUCT_NAME = "$(TARGET_NAME)";
				SDKROOT = macosx;
				SWIFT_ACTIVE_COMPILATION_CONDITIONS = DEBUG;
				SWIFT_EMIT_LOC_STRINGS = YES;
				SWIFT_OPTIMIZATION_LEVEL = "-Onone";
				SWIFT_VERSION = 5.0;
			};
			name = Debug;
		};
/* End XCBuildConfiguration section */

/* Begin XCConfigurationList section */
		2DF655BFB8BA41FE3EBF953B /* Build configuration list for PBXNativeTarget "LauncherApp" */ = {
			isa = XCConfigurationList;
			buildConfigurations = (
				A43AB257E2B8DDB8EC4F02CC /* Debug */,
				6A39C155B99CA1A78D8837A1 /* Release */,
			);
			defaultConfigurationIsVisible = 0;
			defaultConfigurationName = Debug;
		};
		4F58179722B4706E3F97DD5D /* Build configuration list for PBXProject "Interlude" */ = {
			isa = XCConfigurationList;
			buildConfigurations = (
				62804A107CFBA152095B75A1 /* Debug */,
				9A050012256CCE9BE301AB20 /* Release */,
			);
			defaultConfigurationIsVisible = 0;
			defaultConfigurationName = Debug;
		};
		56D17796E91C01826D349C92 /* Build configuration list for PBXNativeTarget "InterludeTests" */ = {
			isa = XCConfigurationList;
			buildConfigurations = (
				A95E4595CDD0A4B521BCAD39 /* Debug */,
				053E0104F083C66E65EE02D3 /* Release */,
			);
			defaultConfigurationIsVisible = 0;
			defaultConfigurationName = Debug;
		};
		C472386FC57591788B0BC315 /* Build configuration list for PBXNativeTarget "Interlude" */ = {
			isa = XCConfigurationList;
			buildConfigurations = (
				D942C01395250E8FAC4F8D07 /* Debug */,
				D7474706FCF5D0CE4024DC72 /* Release */,
			);
			defaultConfigurationIsVisible = 0;
			defaultConfigurationName = Debug;
		};
/* End XCConfigurationList section */

/* Begin XCRemoteSwiftPackageReference section */
		0AE743A2869E10054781D697 /* XCRemoteSwiftPackageReference "SDWebImageSwiftUI" */ = {
			isa = XCRemoteSwiftPackageReference;
			repositoryURL = "https://github.com/SDWebImage/SDWebImageSwiftUI";
			requirement = {
				kind = upToNextMinorVersion;
				minimumVersion = 2.0.0;
			};
		};
/* End XCRemoteSwiftPackageReference section */

/* Begin XCSwiftPackageProductDependency section */
		E7CB795ECE0BE037F8A5E951 /* SDWebImageSwiftUI */ = {
			isa = XCSwiftPackageProductDependency;
			package = 0AE743A2869E10054781D697 /* XCRemoteSwiftPackageReference "SDWebImageSwiftUI" */;
			productName = SDWebImageSwiftUI;
		};
/* End XCSwiftPackageProductDependency section */
	};
	rootObject = A990E3196CFA3F63CE5D5B05 /* Project object */;
}
